
Microsoft Visual Studio Solution File, Format Version 10.00
# Visual Studio 2008
Project("{8BC9CEB8-8B4A-11D0-8D11-00A0C91BC942}") = "distrrtgen", "distrrtgen.vcproj", "{A3BDF5F8-4D0A-4B27-B1D9-7E77CBDA86C7}"
EndProject
Project("{8BC9CEB8-8B4A-11D0-8D11-00A0C91BC942}") = "index_calculator", "..\index_calculator\index_calculator.vcproj", "{C7A957CF-9FDC-4C72-9C3E-7C029E915D1E}"
EndProject
Project("{8BC9CEB8-8B4A-11D0-8D11-00A0C91BC942}") = "rti2rto", "..\..\standalone\rti2rto\rti2rto.vcproj", "{E0FBC06A-C902-4468-A614-CBF9F591AA7C}"
EndProject
Project("{8BC9CEB8-8B4A-11D0-8D11-00A0C91BC942}") = "convertrti2", "..\..\standalone\converti2\converti2.vcproj", "{066FD6F1-5990-47AD-B095-7AE0029CF5AE}"
EndProject
Project("{8BC9CEB8-8B4A-11D0-8D11-00A0C91BC942}") = "rsearch", "..\..\standalone\rsearch\rsearch.vcproj", "{40F12861-0A31-4E0E-8324-24F897271C8E}"
EndProject
Project("{8BC9CEB8-8B4A-11D0-8D11-00A0C91BC942}") = "rtperfectp", "..\..\standalone\rtperfectp\rtperfectp.vcproj", "{9725038C-A07B-40DD-87CD-3A119021A244}"
EndProject
Project("{8BC9CEB8-8B4A-11D0-8D11-00A0C91BC942}") = "rcracki", "..\..\standalone\rcracki\rcracki.vcproj", "{966DA4B4-E13C-449D-9A93-303C6FEA25C4}"
EndProject
Project("{8BC9CEB8-8B4A-11D0-8D11-00A0C91BC942}") = "chain_checker", "..\chain_checker\chain_checker.vcproj", "{74C09EAC-2EA2-4548-9B61-0FEE56147DFE}"
EndProject
Global
	GlobalSection(SolutionConfigurationPlatforms) = preSolution
		Debug|Win32 = Debug|Win32
		Release|Win32 = Release|Win32
	EndGlobalSection
	GlobalSection(ProjectConfigurationPlatforms) = postSolution
		{A3BDF5F8-4D0A-4B27-B1D9-7E77CBDA86C7}.Debug|Win32.ActiveCfg = Debug|Win32
		{A3BDF5F8-4D0A-4B27-B1D9-7E77CBDA86C7}.Debug|Win32.Build.0 = Debug|Win32
		{A3BDF5F8-4D0A-4B27-B1D9-7E77CBDA86C7}.Release|Win32.ActiveCfg = Release|Win32
		{A3BDF5F8-4D0A-4B27-B1D9-7E77CBDA86C7}.Release|Win32.Build.0 = Release|Win32
		{C7A957CF-9FDC-4C72-9C3E-7C029E915D1E}.Debug|Win32.ActiveCfg = Debug|Win32
		{C7A957CF-9FDC-4C72-9C3E-7C029E915D1E}.Debug|Win32.Build.0 = Debug|Win32
		{C7A957CF-9FDC-4C72-9C3E-7C029E915D1E}.Release|Win32.ActiveCfg = Release|Win32
		{C7A957CF-9FDC-4C72-9C3E-7C029E915D1E}.Release|Win32.Build.0 = Release|Win32
		{E0FBC06A-C902-4468-A614-CBF9F591AA7C}.Debug|Win32.ActiveCfg = Debug|Win32
		{E0FBC06A-C902-4468-A614-CBF9F591AA7C}.Debug|Win32.Build.0 = Debug|Win32
		{E0FBC06A-C902-4468-A614-CBF9F591AA7C}.Release|Win32.ActiveCfg = Release|Win32
		{E0FBC06A-C902-4468-A614-CBF9F591AA7C}.Release|Win32.Build.0 = Release|Win32
		{066FD6F1-5990-47AD-B095-7AE0029CF5AE}.Debug|Win32.ActiveCfg = Debug|Win32
		{066FD6F1-5990-47AD-B095-7AE0029CF5AE}.Debug|Win32.Build.0 = Debug|Win32
		{066FD6F1-5990-47AD-B095-7AE0029CF5AE}.Release|Win32.ActiveCfg = Release|Win32
		{066FD6F1-5990-47AD-B095-7AE0029CF5AE}.Release|Win32.Build.0 = Release|Win32
		{40F12861-0A31-4E0E-8324-24F897271C8E}.Debug|Win32.ActiveCfg = Debug|Win32
		{40F12861-0A31-4E0E-8324-24F897271C8E}.Debug|Win32.Build.0 = Debug|Win32
		{40F12861-0A31-4E0E-8324-24F897271C8E}.Release|Win32.ActiveCfg = Release|Win32
		{40F12861-0A31-4E0E-8324-24F897271C8E}.Release|Win32.Build.0 = Release|Win32
		{9725038C-A07B-40DD-87CD-3A119021A244}.Debug|Win32.ActiveCfg = Debug|Win32
		{9725038C-A07B-40DD-87CD-3A119021A244}.Debug|Win32.Build.0 = Debug|Win32
		{9725038C-A07B-40DD-87CD-3A119021A244}.Release|Win32.ActiveCfg = Release|Win32
		{9725038C-A07B-40DD-87CD-3A119021A244}.Release|Win32.Build.0 = Release|Win32
		{966DA4B4-E13C-449D-9A93-303C6FEA25C4}.Debug|Win32.ActiveCfg = Debug|Win32
		{966DA4B4-E13C-449D-9A93-303C6FEA25C4}.Debug|Win32.Build.0 = Debug|Win32
		{966DA4B4-E13C-449D-9A93-303C6FEA25C4}.Release|Win32.ActiveCfg = Release|Win32
		{966DA4B4-E13C-449D-9A93-303C6FEA25C4}.Release|Win32.Build.0 = Release|Win32
		{74C09EAC-2EA2-4548-9B61-0FEE56147DFE}.Debug|Win32.ActiveCfg = Debug|Win32
		{74C09EAC-2EA2-4548-9B61-0FEE56147DFE}.Debug|Win32.Build.0 = Debug|Win32
		{74C09EAC-2EA2-4548-9B61-0FEE56147DFE}.Release|Win32.ActiveCfg = Release|Win32
		{74C09EAC-2EA2-4548-9B61-0FEE56147DFE}.Release|Win32.Build.0 = Release|Win32
	EndGlobalSection
	GlobalSection(SolutionProperties) = preSolution
		HideSolutionNode = FALSE
	EndGlobalSection
EndGlobal
