// !$*UTF8*$!
{
	archiveVersion = 1;
	classes = {
	};
	objectVersion = 46;
	objects = {

/* Begin PBXAggregateTarget section */
		430646EC1430057E00B2AE71 /* Bonic */ = {
			isa = PBXAggregateTarget;
			buildConfigurationList = 430646F9143005BB00B2AE71 /* Build configuration list for PBXAggregateTarget "Bonic" */;
			buildPhases = (
				430646EB1430057E00B2AE71 /* Get from SVN */,
			);
			dependencies = (
			);
			name = Bonic;
			productName = Bonic;
		};
/* End PBXAggregateTarget section */

/* Begin PBXBuildFile section */
		430646E11430035C00B2AE71 /* procinfo_unix.cpp in Sources */ = {isa = PBXBuildFile; fileRef = 4342EE54142FBBF7009E64CE /* procinfo_unix.cpp */; };
		430646E71430036D00B2AE71 /* procinfo.cpp in Sources */ = {isa = PBXBuildFile; fileRef = 4306462E142FF6D300B2AE71 /* procinfo.cpp */; };
		4342EEB3142FBE8F009E64CE /* mac_backtrace.cpp in Sources */ = {isa = PBXBuildFile; fileRef = 4342EE26142FBBF7009E64CE /* mac_backtrace.cpp */; };
		4342EEB4142FBE90009E64CE /* QBacktrace.c in Sources */ = {isa = PBXBuildFile; fileRef = 4342EE28142FBBF7009E64CE /* QBacktrace.c */; };
		4342EEB5142FBE91009E64CE /* QCrashReport.c in Sources */ = {isa = PBXBuildFile; fileRef = 4342EE2A142FBBF7009E64CE /* QCrashReport.c */; };
		4342EEB6142FBE92009E64CE /* QMachOImage.c in Sources */ = {isa = PBXBuildFile; fileRef = 4342EE2C142FBBF7009E64CE /* QMachOImage.c */; };
		4342EEB7142FBE93009E64CE /* QMachOImageList.c in Sources */ = {isa = PBXBuildFile; fileRef = 4342EE2E142FBBF7009E64CE /* QMachOImageList.c */; };
		4342EEB8142FBE94009E64CE /* QSymbols.c in Sources */ = {isa = PBXBuildFile; fileRef = 4342EE30142FBBF7009E64CE /* QSymbols.c */; };
		4342EEB9142FBE95009E64CE /* QTaskMemory.c in Sources */ = {isa = PBXBuildFile; fileRef = 4342EE32142FBBF7009E64CE /* QTaskMemory.c */; };
		4342EEBE142FBEA4009E64CE /* app_ipc.cpp in Sources */ = {isa = PBXBuildFile; fileRef = 4342EE00142FBBF7009E64CE /* app_ipc.cpp */; };
		4342EEC0142FBEBF009E64CE /* base64.cpp in Sources */ = {isa = PBXBuildFile; fileRef = 4342EE04142FBBF7009E64CE /* base64.cpp */; };
		4342EEC3142FBECD009E64CE /* cert_sig.cpp in Sources */ = {isa = PBXBuildFile; fileRef = 4342EE0B142FBBF7009E64CE /* cert_sig.cpp */; };
		4342EEC8142FBED8009E64CE /* coproc.cpp in Sources */ = {isa = PBXBuildFile; fileRef = 4342EE7C142FBD12009E64CE /* coproc.cpp */; };
		4342EECC142FBEE4009E64CE /* diagnostics.cpp in Sources */ = {isa = PBXBuildFile; fileRef = 4342EE15142FBBF7009E64CE /* diagnostics.cpp */; };
		4342EED1142FBEEE009E64CE /* filesys.cpp in Sources */ = {isa = PBXBuildFile; fileRef = 4342EE1A142FBBF7009E64CE /* filesys.cpp */; };
		4342EED6142FBEF9009E64CE /* gui_rpc_client.cpp in Sources */ = {isa = PBXBuildFile; fileRef = 4342EE1C142FBBF7009E64CE /* gui_rpc_client.cpp */; };
		4342EEDA142FBEFE009E64CE /* gui_rpc_client_ops.cpp in Sources */ = {isa = PBXBuildFile; fileRef = 4342EE1E142FBBF7009E64CE /* gui_rpc_client_ops.cpp */; };
		4342EEDB142FBEFE009E64CE /* gui_rpc_client_print.cpp in Sources */ = {isa = PBXBuildFile; fileRef = 4342EE1F142FBBF7009E64CE /* gui_rpc_client_print.cpp */; };
		4342EEDE142FBF08009E64CE /* hostinfo.cpp in Sources */ = {isa = PBXBuildFile; fileRef = 4342EE20142FBBF7009E64CE /* hostinfo.cpp */; };
		4342EEE3142FBF11009E64CE /* mac_address.cpp in Sources */ = {isa = PBXBuildFile; fileRef = 4342EE34142FBBF7009E64CE /* mac_address.cpp */; };
		4342EEE8142FBF21009E64CE /* md5.c in Sources */ = {isa = PBXBuildFile; fileRef = 4342EE38142FBBF7009E64CE /* md5.c */; };
		4342EEE9142FBF23009E64CE /* md5_file.cpp in Sources */ = {isa = PBXBuildFile; fileRef = 4342EE3A142FBBF7009E64CE /* md5_file.cpp */; };
		4342EEEE142FBF2D009E64CE /* mem_usage.cpp in Sources */ = {isa = PBXBuildFile; fileRef = 4342EE3D142FBBF7009E64CE /* mem_usage.cpp */; };
		4342EEF3142FBF3A009E64CE /* mfile.cpp in Sources */ = {isa = PBXBuildFile; fileRef = 4342EE3F142FBBF7009E64CE /* mfile.cpp */; };
		4342EEF8142FBF45009E64CE /* miofile.cpp in Sources */ = {isa = PBXBuildFile; fileRef = 4342EE41142FBBF7009E64CE /* miofile.cpp */; };
		4342EEFD142FBF4E009E64CE /* msg_log.cpp in Sources */ = {isa = PBXBuildFile; fileRef = 4342EE43142FBBF7009E64CE /* msg_log.cpp */; };
		4342EF02142FBF58009E64CE /* network.cpp in Sources */ = {isa = PBXBuildFile; fileRef = 4342EE48142FBBF7009E64CE /* network.cpp */; };
		4342EF07142FBF62009E64CE /* notice.cpp in Sources */ = {isa = PBXBuildFile; fileRef = 4342EE4A142FBBF7009E64CE /* notice.cpp */; };
		4342EF0C142FBF75009E64CE /* parse.cpp in Sources */ = {isa = PBXBuildFile; fileRef = 4342EE4C142FBBF7009E64CE /* parse.cpp */; };
		4342EF11142FBF92009E64CE /* prefs.cpp in Sources */ = {isa = PBXBuildFile; fileRef = 4342EE4E142FBBF7009E64CE /* prefs.cpp */; };
		4342EF1B142FBFA8009E64CE /* proxy_info.cpp in Sources */ = {isa = PBXBuildFile; fileRef = 4342EE56142FBBF7009E64CE /* proxy_info.cpp */; };
		4342EF20142FBFB5009E64CE /* shmem.cpp in Sources */ = {isa = PBXBuildFile; fileRef = 4342EE58142FBBF7009E64CE /* shmem.cpp */; };
		4342EF25142FBFC2009E64CE /* str_util.cpp in Sources */ = {isa = PBXBuildFile; fileRef = 4342EE60142FBBF7009E64CE /* str_util.cpp */; };
		4342EF2A142FBFCC009E64CE /* synch.cpp in Sources */ = {isa = PBXBuildFile; fileRef = 4342EE63142FBBF7009E64CE /* synch.cpp */; };
		4342EF2F142FBFD8009E64CE /* unix_util.cpp in Sources */ = {isa = PBXBuildFile; fileRef = 4342EE66142FBBF7009E64CE /* unix_util.cpp */; };
		4342EF34142FBFE2009E64CE /* url.cpp in Sources */ = {isa = PBXBuildFile; fileRef = 4342EE68142FBBF7009E64CE /* url.cpp */; };
		4342EF39142FBFF7009E64CE /* util.cpp in Sources */ = {isa = PBXBuildFile; fileRef = 4342EE6A142FBBF7009E64CE /* util.cpp */; };
		4342EF3E142FC03A009E64CE /* boinc_api.cpp in Sources */ = {isa = PBXBuildFile; fileRef = 4342EDB1142FBBF6009E64CE /* boinc_api.cpp */; };
		4342EF43142FC044009E64CE /* reduce_main.cpp in Sources */ = {isa = PBXBuildFile; fileRef = 4342EDCE142FBBF6009E64CE /* reduce_main.cpp */; };
		4342EF48142FC04C009E64CE /* graphics2_util.cpp in Sources */ = {isa = PBXBuildFile; fileRef = 4342EDB9142FBBF6009E64CE /* graphics2_util.cpp */; };
		4342EF4F142FC099009E64CE /* distrrtgen.cpp in Sources */ = {isa = PBXBuildFile; fileRef = 4342EF4D142FC099009E64CE /* distrrtgen.cpp */; };
		4342EFB4142FC3D0009E64CE /* ChainWalkContext.cpp in Sources */ = {isa = PBXBuildFile; fileRef = 4342EF8E142FC3B9009E64CE /* ChainWalkContext.cpp */; };
		4342EFB8142FC3DB009E64CE /* des_enc.c in Sources */ = {isa = PBXBuildFile; fileRef = 4342EF92142FC3B9009E64CE /* des_enc.c */; };
		4342EFBD142FC3E4009E64CE /* des_setkey.c in Sources */ = {isa = PBXBuildFile; fileRef = 4342EF94142FC3B9009E64CE /* des_setkey.c */; };
		4342EFC2142FC3ED009E64CE /* ecb_enc.c in Sources */ = {isa = PBXBuildFile; fileRef = 4342EF96142FC3B9009E64CE /* ecb_enc.c */; };
		4342EFC7142FC3F6009E64CE /* HashAlgorithm.cpp in Sources */ = {isa = PBXBuildFile; fileRef = 4342EF9C142FC3B9009E64CE /* HashAlgorithm.cpp */; };
		4342EFCC142FC400009E64CE /* HashRoutine.cpp in Sources */ = {isa = PBXBuildFile; fileRef = 4342EF9E142FC3B9009E64CE /* HashRoutine.cpp */; };
		4342EFD1142FC40A009E64CE /* fast_md4.cpp in Sources */ = {isa = PBXBuildFile; fileRef = 4342EF97142FC3B9009E64CE /* fast_md4.cpp */; };
		4342EFD2142FC40B009E64CE /* fast_md5.cpp in Sources */ = {isa = PBXBuildFile; fileRef = 4342EF99142FC3B9009E64CE /* fast_md5.cpp */; };
		4342EFD7142FC414009E64CE /* Public.cpp in Sources */ = {isa = PBXBuildFile; fileRef = 4342EFA3142FC3B9009E64CE /* Public.cpp */; };
		4342F025142FC8DA009E64CE /* libpthread.dylib in Frameworks */ = {isa = PBXBuildFile; fileRef = 4342F024142FC8DA009E64CE /* libpthread.dylib */; };
		4342F027142FCA04009E64CE /* libssl.dylib in Frameworks */ = {isa = PBXBuildFile; fileRef = 4342F026142FCA04009E64CE /* libssl.dylib */; };
		4342F068142FCAB2009E64CE /* AppKit.framework in Frameworks */ = {isa = PBXBuildFile; fileRef = 4342F067142FCAB2009E64CE /* AppKit.framework */; };
		4342F120142FCAFA009E64CE /* IOKit.framework in Frameworks */ = {isa = PBXBuildFile; fileRef = 4342F11F142FCAFA009E64CE /* IOKit.framework */; };
/* End PBXBuildFile section */

/* Begin PBXFileReference section */
		43064629142FF6D300B2AE71 /* boinc_fcgi.cpp */ = {isa = PBXFileReference; fileEncoding = 4; lastKnownFileType = sourcecode.cpp.cpp; path = boinc_fcgi.cpp; sourceTree = "<group>"; };
		4306462A142FF6D300B2AE71 /* boinc_fcgi.h */ = {isa = PBXFileReference; fileEncoding = 4; lastKnownFileType = sourcecode.c.h; path = boinc_fcgi.h; sourceTree = "<group>"; };
		4306462E142FF6D300B2AE71 /* procinfo.cpp */ = {isa = PBXFileReference; fileEncoding = 4; lastKnownFileType = sourcecode.cpp.cpp; path = procinfo.cpp; sourceTree = "<group>"; };
		43064641143000F100B2AE71 /* version.h */ = {isa = PBXFileReference; fileEncoding = 4; lastKnownFileType = sourcecode.c.h; name = version.h; path = "external/bonic-6.12.33/version.h"; sourceTree = "<group>"; };
		430646431430014B00B2AE71 /* acct_mgr.cpp */ = {isa = PBXFileReference; fileEncoding = 4; lastKnownFileType = sourcecode.cpp.cpp; path = acct_mgr.cpp; sourceTree = "<group>"; };
		430646441430014B00B2AE71 /* acct_mgr.h */ = {isa = PBXFileReference; fileEncoding = 4; lastKnownFileType = sourcecode.c.h; path = acct_mgr.h; sourceTree = "<group>"; };
		430646451430014B00B2AE71 /* acct_setup.cpp */ = {isa = PBXFileReference; fileEncoding = 4; lastKnownFileType = sourcecode.cpp.cpp; path = acct_setup.cpp; sourceTree = "<group>"; };
		430646461430014B00B2AE71 /* acct_setup.h */ = {isa = PBXFileReference; fileEncoding = 4; lastKnownFileType = sourcecode.c.h; path = acct_setup.h; sourceTree = "<group>"; };
		430646471430014B00B2AE71 /* app.cpp */ = {isa = PBXFileReference; fileEncoding = 4; lastKnownFileType = sourcecode.cpp.cpp; path = app.cpp; sourceTree = "<group>"; };
		430646481430014B00B2AE71 /* app.h */ = {isa = PBXFileReference; fileEncoding = 4; lastKnownFileType = sourcecode.c.h; path = app.h; sourceTree = "<group>"; };
		430646491430014B00B2AE71 /* app_control.cpp */ = {isa = PBXFileReference; fileEncoding = 4; lastKnownFileType = sourcecode.cpp.cpp; path = app_control.cpp; sourceTree = "<group>"; };
		4306464A1430014B00B2AE71 /* app_graphics.cpp */ = {isa = PBXFileReference; fileEncoding = 4; lastKnownFileType = sourcecode.cpp.cpp; path = app_graphics.cpp; sourceTree = "<group>"; };
		4306464B1430014B00B2AE71 /* app_start.cpp */ = {isa = PBXFileReference; fileEncoding = 4; lastKnownFileType = sourcecode.cpp.cpp; path = app_start.cpp; sourceTree = "<group>"; };
		4306464C1430014B00B2AE71 /* app_stats_mac.cpp */ = {isa = PBXFileReference; fileEncoding = 4; lastKnownFileType = sourcecode.cpp.cpp; path = app_stats_mac.cpp; sourceTree = "<group>"; };
		4306464D1430014B00B2AE71 /* auto_update.cpp */ = {isa = PBXFileReference; fileEncoding = 4; lastKnownFileType = sourcecode.cpp.cpp; path = auto_update.cpp; sourceTree = "<group>"; };
		4306464E1430014B00B2AE71 /* auto_update.h */ = {isa = PBXFileReference; fileEncoding = 4; lastKnownFileType = sourcecode.c.h; path = auto_update.h; sourceTree = "<group>"; };
		4306464F1430014B00B2AE71 /* boinc_cmd.cpp */ = {isa = PBXFileReference; fileEncoding = 4; lastKnownFileType = sourcecode.cpp.cpp; path = boinc_cmd.cpp; sourceTree = "<group>"; };
		430646501430014B00B2AE71 /* boinc_log.cpp */ = {isa = PBXFileReference; fileEncoding = 4; lastKnownFileType = sourcecode.cpp.cpp; path = boinc_log.cpp; sourceTree = "<group>"; };
		430646521430014B00B2AE71 /* check_security.cpp */ = {isa = PBXFileReference; fileEncoding = 4; lastKnownFileType = sourcecode.cpp.cpp; path = check_security.cpp; sourceTree = "<group>"; };
		430646531430014B00B2AE71 /* check_state.cpp */ = {isa = PBXFileReference; fileEncoding = 4; lastKnownFileType = sourcecode.cpp.cpp; path = check_state.cpp; sourceTree = "<group>"; };
		430646541430014B00B2AE71 /* client_msgs.cpp */ = {isa = PBXFileReference; fileEncoding = 4; lastKnownFileType = sourcecode.cpp.cpp; path = client_msgs.cpp; sourceTree = "<group>"; };
		430646551430014B00B2AE71 /* client_msgs.h */ = {isa = PBXFileReference; fileEncoding = 4; lastKnownFileType = sourcecode.c.h; path = client_msgs.h; sourceTree = "<group>"; };
		430646561430014B00B2AE71 /* client_state.cpp */ = {isa = PBXFileReference; fileEncoding = 4; lastKnownFileType = sourcecode.cpp.cpp; path = client_state.cpp; sourceTree = "<group>"; };
		430646571430014B00B2AE71 /* client_state.h */ = {isa = PBXFileReference; fileEncoding = 4; lastKnownFileType = sourcecode.c.h; path = client_state.h; sourceTree = "<group>"; };
		430646581430014B00B2AE71 /* client_types.cpp */ = {isa = PBXFileReference; fileEncoding = 4; lastKnownFileType = sourcecode.cpp.cpp; path = client_types.cpp; sourceTree = "<group>"; };
		430646591430014B00B2AE71 /* client_types.h */ = {isa = PBXFileReference; fileEncoding = 4; lastKnownFileType = sourcecode.c.h; path = client_types.h; sourceTree = "<group>"; };
		4306465A1430014B00B2AE71 /* coproc_detect.cpp */ = {isa = PBXFileReference; fileEncoding = 4; lastKnownFileType = sourcecode.cpp.cpp; path = coproc_detect.cpp; sourceTree = "<group>"; };
		4306465B1430014B00B2AE71 /* cpp.h */ = {isa = PBXFileReference; fileEncoding = 4; lastKnownFileType = sourcecode.c.h; path = cpp.h; sourceTree = "<group>"; };
		4306465C1430014B00B2AE71 /* cpu_benchmark.h */ = {isa = PBXFileReference; fileEncoding = 4; lastKnownFileType = sourcecode.c.h; path = cpu_benchmark.h; sourceTree = "<group>"; };
		4306465D1430014B00B2AE71 /* cpu_sched.cpp */ = {isa = PBXFileReference; fileEncoding = 4; lastKnownFileType = sourcecode.cpp.cpp; path = cpu_sched.cpp; sourceTree = "<group>"; };
		4306465E1430014B00B2AE71 /* cs_account.cpp */ = {isa = PBXFileReference; fileEncoding = 4; lastKnownFileType = sourcecode.cpp.cpp; path = cs_account.cpp; sourceTree = "<group>"; };
		4306465F1430014B00B2AE71 /* cs_apps.cpp */ = {isa = PBXFileReference; fileEncoding = 4; lastKnownFileType = sourcecode.cpp.cpp; path = cs_apps.cpp; sourceTree = "<group>"; };
		430646601430014B00B2AE71 /* cs_benchmark.cpp */ = {isa = PBXFileReference; fileEncoding = 4; lastKnownFileType = sourcecode.cpp.cpp; path = cs_benchmark.cpp; sourceTree = "<group>"; };
		430646611430014B00B2AE71 /* cs_cmdline.cpp */ = {isa = PBXFileReference; fileEncoding = 4; lastKnownFileType = sourcecode.cpp.cpp; path = cs_cmdline.cpp; sourceTree = "<group>"; };
		430646621430014B00B2AE71 /* cs_files.cpp */ = {isa = PBXFileReference; fileEncoding = 4; lastKnownFileType = sourcecode.cpp.cpp; path = cs_files.cpp; sourceTree = "<group>"; };
		430646631430014B00B2AE71 /* cs_notice.cpp */ = {isa = PBXFileReference; fileEncoding = 4; lastKnownFileType = sourcecode.cpp.cpp; path = cs_notice.cpp; sourceTree = "<group>"; };
		430646641430014B00B2AE71 /* cs_notice.h */ = {isa = PBXFileReference; fileEncoding = 4; lastKnownFileType = sourcecode.c.h; path = cs_notice.h; sourceTree = "<group>"; };
		430646651430014B00B2AE71 /* cs_platforms.cpp */ = {isa = PBXFileReference; fileEncoding = 4; lastKnownFileType = sourcecode.cpp.cpp; path = cs_platforms.cpp; sourceTree = "<group>"; };
		430646661430014B00B2AE71 /* cs_prefs.cpp */ = {isa = PBXFileReference; fileEncoding = 4; lastKnownFileType = sourcecode.cpp.cpp; path = cs_prefs.cpp; sourceTree = "<group>"; };
		430646671430014B00B2AE71 /* cs_proxy.cpp */ = {isa = PBXFileReference; fileEncoding = 4; lastKnownFileType = sourcecode.cpp.cpp; path = cs_proxy.cpp; sourceTree = "<group>"; };
		430646681430014B00B2AE71 /* cs_proxy.h */ = {isa = PBXFileReference; fileEncoding = 4; lastKnownFileType = sourcecode.c.h; path = cs_proxy.h; sourceTree = "<group>"; };
		430646691430014B00B2AE71 /* cs_scheduler.cpp */ = {isa = PBXFileReference; fileEncoding = 4; lastKnownFileType = sourcecode.cpp.cpp; path = cs_scheduler.cpp; sourceTree = "<group>"; };
		4306466A1430014B00B2AE71 /* cs_statefile.cpp */ = {isa = PBXFileReference; fileEncoding = 4; lastKnownFileType = sourcecode.cpp.cpp; path = cs_statefile.cpp; sourceTree = "<group>"; };
		4306466B1430014B00B2AE71 /* cs_trickle.cpp */ = {isa = PBXFileReference; fileEncoding = 4; lastKnownFileType = sourcecode.cpp.cpp; path = cs_trickle.cpp; sourceTree = "<group>"; };
		4306466C1430014B00B2AE71 /* current_version.cpp */ = {isa = PBXFileReference; fileEncoding = 4; lastKnownFileType = sourcecode.cpp.cpp; path = current_version.cpp; sourceTree = "<group>"; };
		4306466D1430014B00B2AE71 /* current_version.h */ = {isa = PBXFileReference; fileEncoding = 4; lastKnownFileType = sourcecode.c.h; path = current_version.h; sourceTree = "<group>"; };
		4306466E1430014B00B2AE71 /* dhrystone.cpp */ = {isa = PBXFileReference; fileEncoding = 4; lastKnownFileType = sourcecode.cpp.cpp; path = dhrystone.cpp; sourceTree = "<group>"; };
		4306466F1430014B00B2AE71 /* dhrystone.h */ = {isa = PBXFileReference; fileEncoding = 4; lastKnownFileType = sourcecode.c.h; path = dhrystone.h; sourceTree = "<group>"; };
		430646701430014B00B2AE71 /* dhrystone2.cpp */ = {isa = PBXFileReference; fileEncoding = 4; lastKnownFileType = sourcecode.cpp.cpp; path = dhrystone2.cpp; sourceTree = "<group>"; };
		430646711430014B00B2AE71 /* file_names.cpp */ = {isa = PBXFileReference; fileEncoding = 4; lastKnownFileType = sourcecode.cpp.cpp; path = file_names.cpp; sourceTree = "<group>"; };
		430646721430014B00B2AE71 /* file_names.h */ = {isa = PBXFileReference; fileEncoding = 4; lastKnownFileType = sourcecode.c.h; path = file_names.h; sourceTree = "<group>"; };
		430646731430014B00B2AE71 /* file_xfer.cpp */ = {isa = PBXFileReference; fileEncoding = 4; lastKnownFileType = sourcecode.cpp.cpp; path = file_xfer.cpp; sourceTree = "<group>"; };
		430646741430014B00B2AE71 /* file_xfer.h */ = {isa = PBXFileReference; fileEncoding = 4; lastKnownFileType = sourcecode.c.h; path = file_xfer.h; sourceTree = "<group>"; };
		430646751430014B00B2AE71 /* gui_http.cpp */ = {isa = PBXFileReference; fileEncoding = 4; lastKnownFileType = sourcecode.cpp.cpp; path = gui_http.cpp; sourceTree = "<group>"; };
		430646761430014B00B2AE71 /* gui_http.h */ = {isa = PBXFileReference; fileEncoding = 4; lastKnownFileType = sourcecode.c.h; path = gui_http.h; sourceTree = "<group>"; };
		430646771430014B00B2AE71 /* gui_rpc_server.cpp */ = {isa = PBXFileReference; fileEncoding = 4; lastKnownFileType = sourcecode.cpp.cpp; path = gui_rpc_server.cpp; sourceTree = "<group>"; };
		430646781430014B00B2AE71 /* gui_rpc_server.h */ = {isa = PBXFileReference; fileEncoding = 4; lastKnownFileType = sourcecode.c.h; path = gui_rpc_server.h; sourceTree = "<group>"; };
		430646791430014B00B2AE71 /* gui_rpc_server_ops.cpp */ = {isa = PBXFileReference; fileEncoding = 4; lastKnownFileType = sourcecode.cpp.cpp; path = gui_rpc_server_ops.cpp; sourceTree = "<group>"; };
		4306467A1430014B00B2AE71 /* hostinfo_network.cpp */ = {isa = PBXFileReference; fileEncoding = 4; lastKnownFileType = sourcecode.cpp.cpp; path = hostinfo_network.cpp; sourceTree = "<group>"; };
		4306467B1430014B00B2AE71 /* hostinfo_network.h */ = {isa = PBXFileReference; fileEncoding = 4; lastKnownFileType = sourcecode.c.h; path = hostinfo_network.h; sourceTree = "<group>"; };
		4306467C1430014B00B2AE71 /* hostinfo_unix.cpp */ = {isa = PBXFileReference; fileEncoding = 4; lastKnownFileType = sourcecode.cpp.cpp; path = hostinfo_unix.cpp; sourceTree = "<group>"; };
		4306467D1430014B00B2AE71 /* hostinfo_unix_test.cpp */ = {isa = PBXFileReference; fileEncoding = 4; lastKnownFileType = sourcecode.cpp.cpp; path = hostinfo_unix_test.cpp; sourceTree = "<group>"; };
		4306467E1430014B00B2AE71 /* hostinfo_win.cpp */ = {isa = PBXFileReference; fileEncoding = 4; lastKnownFileType = sourcecode.cpp.cpp; path = hostinfo_win.cpp; sourceTree = "<group>"; };
		4306467F1430014B00B2AE71 /* http_curl.cpp */ = {isa = PBXFileReference; fileEncoding = 4; lastKnownFileType = sourcecode.cpp.cpp; path = http_curl.cpp; sourceTree = "<group>"; };
		430646801430014B00B2AE71 /* http_curl.h */ = {isa = PBXFileReference; fileEncoding = 4; lastKnownFileType = sourcecode.c.h; path = http_curl.h; sourceTree = "<group>"; };
		430646821430014B00B2AE71 /* log_flags.cpp */ = {isa = PBXFileReference; fileEncoding = 4; lastKnownFileType = sourcecode.cpp.cpp; path = log_flags.cpp; sourceTree = "<group>"; };
		430646831430014B00B2AE71 /* log_flags.h */ = {isa = PBXFileReference; fileEncoding = 4; lastKnownFileType = sourcecode.c.h; path = log_flags.h; sourceTree = "<group>"; };
		430646841430014B00B2AE71 /* main.cpp */ = {isa = PBXFileReference; fileEncoding = 4; lastKnownFileType = sourcecode.cpp.cpp; path = main.cpp; sourceTree = "<group>"; };
		430646851430014B00B2AE71 /* main.h */ = {isa = PBXFileReference; fileEncoding = 4; lastKnownFileType = sourcecode.c.h; path = main.h; sourceTree = "<group>"; };
		4306468A1430014B00B2AE71 /* net_stats.cpp */ = {isa = PBXFileReference; fileEncoding = 4; lastKnownFileType = sourcecode.cpp.cpp; path = net_stats.cpp; sourceTree = "<group>"; };
		4306468B1430014B00B2AE71 /* net_stats.h */ = {isa = PBXFileReference; fileEncoding = 4; lastKnownFileType = sourcecode.c.h; path = net_stats.h; sourceTree = "<group>"; };
		430646961430014B00B2AE71 /* pers_file_xfer.cpp */ = {isa = PBXFileReference; fileEncoding = 4; lastKnownFileType = sourcecode.cpp.cpp; path = pers_file_xfer.cpp; sourceTree = "<group>"; };
		430646971430014B00B2AE71 /* pers_file_xfer.h */ = {isa = PBXFileReference; fileEncoding = 4; lastKnownFileType = sourcecode.c.h; path = pers_file_xfer.h; sourceTree = "<group>"; };
		430646981430014B00B2AE71 /* rr_sim.cpp */ = {isa = PBXFileReference; fileEncoding = 4; lastKnownFileType = sourcecode.cpp.cpp; path = rr_sim.cpp; sourceTree = "<group>"; };
		430646991430014B00B2AE71 /* rr_sim.h */ = {isa = PBXFileReference; fileEncoding = 4; lastKnownFileType = sourcecode.c.h; path = rr_sim.h; sourceTree = "<group>"; };
		4306469A1430014B00B2AE71 /* rrsim_test.cpp */ = {isa = PBXFileReference; fileEncoding = 4; lastKnownFileType = sourcecode.cpp.cpp; path = rrsim_test.cpp; sourceTree = "<group>"; };
		4306469B1430014B00B2AE71 /* sandbox.cpp */ = {isa = PBXFileReference; fileEncoding = 4; lastKnownFileType = sourcecode.cpp.cpp; path = sandbox.cpp; sourceTree = "<group>"; };
		4306469C1430014B00B2AE71 /* sandbox.h */ = {isa = PBXFileReference; fileEncoding = 4; lastKnownFileType = sourcecode.c.h; path = sandbox.h; sourceTree = "<group>"; };
		4306469D1430014B00B2AE71 /* scheduler_op.cpp */ = {isa = PBXFileReference; fileEncoding = 4; lastKnownFileType = sourcecode.cpp.cpp; path = scheduler_op.cpp; sourceTree = "<group>"; };
		4306469E1430014B00B2AE71 /* scheduler_op.h */ = {isa = PBXFileReference; fileEncoding = 4; lastKnownFileType = sourcecode.c.h; path = scheduler_op.h; sourceTree = "<group>"; };
		430646A41430014B00B2AE71 /* setprojectgrp.cpp */ = {isa = PBXFileReference; fileEncoding = 4; lastKnownFileType = sourcecode.cpp.cpp; path = setprojectgrp.cpp; sourceTree = "<group>"; };
		430646A51430014B00B2AE71 /* sim.cpp */ = {isa = PBXFileReference; fileEncoding = 4; lastKnownFileType = sourcecode.cpp.cpp; path = sim.cpp; sourceTree = "<group>"; };
		430646A61430014B00B2AE71 /* sim.h */ = {isa = PBXFileReference; fileEncoding = 4; lastKnownFileType = sourcecode.c.h; path = sim.h; sourceTree = "<group>"; };
		430646AA1430014B00B2AE71 /* sim_util.cpp */ = {isa = PBXFileReference; fileEncoding = 4; lastKnownFileType = sourcecode.cpp.cpp; path = sim_util.cpp; sourceTree = "<group>"; };
		430646AB1430014B00B2AE71 /* stream.cpp */ = {isa = PBXFileReference; fileEncoding = 4; lastKnownFileType = sourcecode.cpp.cpp; path = stream.cpp; sourceTree = "<group>"; };
		430646AC1430014B00B2AE71 /* switcher.cpp */ = {isa = PBXFileReference; fileEncoding = 4; lastKnownFileType = sourcecode.cpp.cpp; path = switcher.cpp; sourceTree = "<group>"; };
		430646AD1430014B00B2AE71 /* sysmon_win.cpp */ = {isa = PBXFileReference; fileEncoding = 4; lastKnownFileType = sourcecode.cpp.cpp; path = sysmon_win.cpp; sourceTree = "<group>"; };
		430646AE1430014B00B2AE71 /* sysmon_win.h */ = {isa = PBXFileReference; fileEncoding = 4; lastKnownFileType = sourcecode.c.h; path = sysmon_win.h; sourceTree = "<group>"; };
		430646B21430014B00B2AE71 /* time_stats.cpp */ = {isa = PBXFileReference; fileEncoding = 4; lastKnownFileType = sourcecode.cpp.cpp; path = time_stats.cpp; sourceTree = "<group>"; };
		430646B31430014B00B2AE71 /* time_stats.h */ = {isa = PBXFileReference; fileEncoding = 4; lastKnownFileType = sourcecode.c.h; path = time_stats.h; sourceTree = "<group>"; };
		430646B41430014B00B2AE71 /* whetstone.cpp */ = {isa = PBXFileReference; fileEncoding = 4; lastKnownFileType = sourcecode.cpp.cpp; path = whetstone.cpp; sourceTree = "<group>"; };
		430646C11430014B00B2AE71 /* work_fetch.cpp */ = {isa = PBXFileReference; fileEncoding = 4; lastKnownFileType = sourcecode.cpp.cpp; path = work_fetch.cpp; sourceTree = "<group>"; };
		430646C21430014B00B2AE71 /* work_fetch.h */ = {isa = PBXFileReference; fileEncoding = 4; lastKnownFileType = sourcecode.c.h; path = work_fetch.h; sourceTree = "<group>"; };
		430646C4143001C900B2AE71 /* browser_safari.mm */ = {isa = PBXFileReference; fileEncoding = 4; lastKnownFileType = sourcecode.cpp.objcpp; path = browser_safari.mm; sourceTree = "<group>"; };
		430646C5143001C900B2AE71 /* config.h */ = {isa = PBXFileReference; fileEncoding = 4; lastKnownFileType = sourcecode.c.h; path = config.h; sourceTree = "<group>"; };
		430646C6143001C900B2AE71 /* gridrepublic.tiff */ = {isa = PBXFileReference; lastKnownFileType = image.tiff; path = gridrepublic.tiff; sourceTree = "<group>"; };
		430646C7143001C900B2AE71 /* Mac_GUI.cpp */ = {isa = PBXFileReference; fileEncoding = 4; lastKnownFileType = sourcecode.cpp.cpp; path = Mac_GUI.cpp; sourceTree = "<group>"; };
		430646C8143001C900B2AE71 /* MacAccessiblity.cpp */ = {isa = PBXFileReference; fileEncoding = 4; lastKnownFileType = sourcecode.cpp.cpp; path = MacAccessiblity.cpp; sourceTree = "<group>"; };
		430646C9143001C900B2AE71 /* MacAccessiblity.h */ = {isa = PBXFileReference; fileEncoding = 4; lastKnownFileType = sourcecode.c.h; path = MacAccessiblity.h; sourceTree = "<group>"; };
		430646CA143001C900B2AE71 /* MacGUI.pch */ = {isa = PBXFileReference; fileEncoding = 4; lastKnownFileType = sourcecode.c.h; path = MacGUI.pch; sourceTree = "<group>"; };
		430646CB143001C900B2AE71 /* MacSysMenu.cpp */ = {isa = PBXFileReference; fileEncoding = 4; lastKnownFileType = sourcecode.cpp.cpp; path = MacSysMenu.cpp; sourceTree = "<group>"; };
		430646CC143001C900B2AE71 /* MacSysMenu.h */ = {isa = PBXFileReference; fileEncoding = 4; lastKnownFileType = sourcecode.c.h; path = MacSysMenu.h; sourceTree = "<group>"; };
		430646CD143001C900B2AE71 /* ProgThruProc.tiff */ = {isa = PBXFileReference; lastKnownFileType = image.tiff; path = ProgThruProc.tiff; sourceTree = "<group>"; };
		430646CE143001C900B2AE71 /* SecurityUtility.cpp */ = {isa = PBXFileReference; fileEncoding = 4; lastKnownFileType = sourcecode.cpp.cpp; path = SecurityUtility.cpp; sourceTree = "<group>"; };
		430646CF143001C900B2AE71 /* SetupSecurity.cpp */ = {isa = PBXFileReference; fileEncoding = 4; lastKnownFileType = sourcecode.cpp.cpp; path = SetupSecurity.cpp; sourceTree = "<group>"; };
		430646D0143001C900B2AE71 /* SetupSecurity.h */ = {isa = PBXFileReference; fileEncoding = 4; lastKnownFileType = sourcecode.c.h; path = SetupSecurity.h; sourceTree = "<group>"; };
		430646D1143001C900B2AE71 /* SetVersion.cpp */ = {isa = PBXFileReference; fileEncoding = 4; lastKnownFileType = sourcecode.cpp.cpp; path = SetVersion.cpp; sourceTree = "<group>"; };
		430646D2143001C900B2AE71 /* SystemMenu.m */ = {isa = PBXFileReference; fileEncoding = 4; lastKnownFileType = sourcecode.c.objc; path = SystemMenu.m; sourceTree = "<group>"; };
		430646D3143001C900B2AE71 /* SystemMenu_Prefix.pch */ = {isa = PBXFileReference; fileEncoding = 4; lastKnownFileType = sourcecode.c.h; path = SystemMenu_Prefix.pch; sourceTree = "<group>"; };
		4342EDAF142FBBF5009E64CE /* bmplib.cpp */ = {isa = PBXFileReference; fileEncoding = 4; lastKnownFileType = sourcecode.cpp.cpp; path = bmplib.cpp; sourceTree = "<group>"; };
		4342EDB0142FBBF6009E64CE /* bmplib.h */ = {isa = PBXFileReference; fileEncoding = 4; lastKnownFileType = sourcecode.c.h; path = bmplib.h; sourceTree = "<group>"; };
		4342EDB1142FBBF6009E64CE /* boinc_api.cpp */ = {isa = PBXFileReference; fileEncoding = 4; lastKnownFileType = sourcecode.cpp.cpp; path = boinc_api.cpp; sourceTree = "<group>"; };
		4342EDB2142FBBF6009E64CE /* boinc_api.h */ = {isa = PBXFileReference; fileEncoding = 4; lastKnownFileType = sourcecode.c.h; path = boinc_api.h; sourceTree = "<group>"; };
		4342EDB3142FBBF6009E64CE /* boinc_api_fortran.cpp */ = {isa = PBXFileReference; fileEncoding = 4; lastKnownFileType = sourcecode.cpp.cpp; path = boinc_api_fortran.cpp; sourceTree = "<group>"; };
		4342EDB4142FBBF6009E64CE /* boinc_gl.h */ = {isa = PBXFileReference; fileEncoding = 4; lastKnownFileType = sourcecode.c.h; path = boinc_gl.h; sourceTree = "<group>"; };
		4342EDB5142FBBF6009E64CE /* boinc_glut.h */ = {isa = PBXFileReference; fileEncoding = 4; lastKnownFileType = sourcecode.c.h; path = boinc_glut.h; sourceTree = "<group>"; };
		4342EDB6142FBBF6009E64CE /* graphics2.cpp */ = {isa = PBXFileReference; fileEncoding = 4; lastKnownFileType = sourcecode.cpp.cpp; path = graphics2.cpp; sourceTree = "<group>"; };
		4342EDB7142FBBF6009E64CE /* graphics2.h */ = {isa = PBXFileReference; fileEncoding = 4; lastKnownFileType = sourcecode.c.h; path = graphics2.h; sourceTree = "<group>"; };
		4342EDB8142FBBF6009E64CE /* graphics2_unix.cpp */ = {isa = PBXFileReference; fileEncoding = 4; lastKnownFileType = sourcecode.cpp.cpp; path = graphics2_unix.cpp; sourceTree = "<group>"; };
		4342EDB9142FBBF6009E64CE /* graphics2_util.cpp */ = {isa = PBXFileReference; fileEncoding = 4; lastKnownFileType = sourcecode.cpp.cpp; path = graphics2_util.cpp; sourceTree = "<group>"; };
		4342EDBA142FBBF6009E64CE /* graphics2_win.cpp */ = {isa = PBXFileReference; fileEncoding = 4; lastKnownFileType = sourcecode.cpp.cpp; path = graphics2_win.cpp; sourceTree = "<group>"; };
		4342EDBB142FBBF6009E64CE /* graphics_api.cpp */ = {isa = PBXFileReference; fileEncoding = 4; lastKnownFileType = sourcecode.cpp.cpp; path = graphics_api.cpp; sourceTree = "<group>"; };
		4342EDBC142FBBF6009E64CE /* graphics_api.h */ = {isa = PBXFileReference; fileEncoding = 4; lastKnownFileType = sourcecode.c.h; path = graphics_api.h; sourceTree = "<group>"; };
		4342EDBD142FBBF6009E64CE /* graphics_data.cpp */ = {isa = PBXFileReference; fileEncoding = 4; lastKnownFileType = sourcecode.cpp.cpp; path = graphics_data.cpp; sourceTree = "<group>"; };
		4342EDBE142FBBF6009E64CE /* graphics_data.h */ = {isa = PBXFileReference; fileEncoding = 4; lastKnownFileType = sourcecode.c.h; path = graphics_data.h; sourceTree = "<group>"; };
		4342EDBF142FBBF6009E64CE /* graphics_impl.cpp */ = {isa = PBXFileReference; fileEncoding = 4; lastKnownFileType = sourcecode.cpp.cpp; path = graphics_impl.cpp; sourceTree = "<group>"; };
		4342EDC0142FBBF6009E64CE /* graphics_impl.h */ = {isa = PBXFileReference; fileEncoding = 4; lastKnownFileType = sourcecode.c.h; path = graphics_impl.h; sourceTree = "<group>"; };
		4342EDC1142FBBF6009E64CE /* graphics_impl_lib.cpp */ = {isa = PBXFileReference; fileEncoding = 4; lastKnownFileType = sourcecode.cpp.cpp; path = graphics_impl_lib.cpp; sourceTree = "<group>"; };
		4342EDC2142FBBF6009E64CE /* graphics_lib.cpp */ = {isa = PBXFileReference; fileEncoding = 4; lastKnownFileType = sourcecode.cpp.cpp; path = graphics_lib.cpp; sourceTree = "<group>"; };
		4342EDC3142FBBF6009E64CE /* graphics_lib.h */ = {isa = PBXFileReference; fileEncoding = 4; lastKnownFileType = sourcecode.c.h; path = graphics_lib.h; sourceTree = "<group>"; };
		4342EDC4142FBBF6009E64CE /* gutil.cpp */ = {isa = PBXFileReference; fileEncoding = 4; lastKnownFileType = sourcecode.cpp.cpp; path = gutil.cpp; sourceTree = "<group>"; };
		4342EDC5142FBBF6009E64CE /* gutil.h */ = {isa = PBXFileReference; fileEncoding = 4; lastKnownFileType = sourcecode.c.h; path = gutil.h; sourceTree = "<group>"; };
		4342EDC6142FBBF6009E64CE /* gutil_text.cpp */ = {isa = PBXFileReference; fileEncoding = 4; lastKnownFileType = sourcecode.cpp.cpp; path = gutil_text.cpp; sourceTree = "<group>"; };
		4342EDC7142FBBF6009E64CE /* mac_icon.cpp */ = {isa = PBXFileReference; fileEncoding = 4; lastKnownFileType = sourcecode.cpp.cpp; path = mac_icon.cpp; sourceTree = "<group>"; };
		4342EDC8142FBBF6009E64CE /* macglutfix.m */ = {isa = PBXFileReference; fileEncoding = 4; lastKnownFileType = sourcecode.c.objc; path = macglutfix.m; sourceTree = "<group>"; };
		4342EDC9142FBBF6009E64CE /* make_app_icon_h.cpp */ = {isa = PBXFileReference; fileEncoding = 4; lastKnownFileType = sourcecode.cpp.cpp; path = make_app_icon_h.cpp; sourceTree = "<group>"; };
		4342EDCC142FBBF6009E64CE /* reduce.h */ = {isa = PBXFileReference; fileEncoding = 4; lastKnownFileType = sourcecode.c.h; path = reduce.h; sourceTree = "<group>"; };
		4342EDCD142FBBF6009E64CE /* reduce_lib.cpp */ = {isa = PBXFileReference; fileEncoding = 4; lastKnownFileType = sourcecode.cpp.cpp; path = reduce_lib.cpp; sourceTree = "<group>"; };
		4342EDCE142FBBF6009E64CE /* reduce_main.cpp */ = {isa = PBXFileReference; fileEncoding = 4; lastKnownFileType = sourcecode.cpp.cpp; path = reduce_main.cpp; sourceTree = "<group>"; };
		4342EDCF142FBBF6009E64CE /* static_graphics.cpp */ = {isa = PBXFileReference; fileEncoding = 4; lastKnownFileType = sourcecode.cpp.cpp; path = static_graphics.cpp; sourceTree = "<group>"; };
		4342EDD0142FBBF6009E64CE /* texfont.cpp */ = {isa = PBXFileReference; fileEncoding = 4; lastKnownFileType = sourcecode.cpp.cpp; path = texfont.cpp; sourceTree = "<group>"; };
		4342EDD1142FBBF6009E64CE /* texfont.h */ = {isa = PBXFileReference; fileEncoding = 4; lastKnownFileType = sourcecode.c.h; path = texfont.h; sourceTree = "<group>"; };
		4342EDD2142FBBF6009E64CE /* texture.cpp */ = {isa = PBXFileReference; fileEncoding = 4; lastKnownFileType = sourcecode.cpp.cpp; path = texture.cpp; sourceTree = "<group>"; };
		4342EDD3142FBBF6009E64CE /* texture.h */ = {isa = PBXFileReference; fileEncoding = 4; lastKnownFileType = sourcecode.c.h; path = texture.h; sourceTree = "<group>"; };
		4342EDD4142FBBF6009E64CE /* tgalib.cpp */ = {isa = PBXFileReference; fileEncoding = 4; lastKnownFileType = sourcecode.cpp.cpp; path = tgalib.cpp; sourceTree = "<group>"; };
		4342EDD5142FBBF6009E64CE /* tgalib.h */ = {isa = PBXFileReference; fileEncoding = 4; lastKnownFileType = sourcecode.c.h; path = tgalib.h; sourceTree = "<group>"; };
		4342EDFA142FBBF7009E64CE /* txf_util.cpp */ = {isa = PBXFileReference; fileEncoding = 4; lastKnownFileType = sourcecode.cpp.cpp; path = txf_util.cpp; sourceTree = "<group>"; };
		4342EDFB142FBBF7009E64CE /* txf_util.h */ = {isa = PBXFileReference; fileEncoding = 4; lastKnownFileType = sourcecode.c.h; path = txf_util.h; sourceTree = "<group>"; };
		4342EDFC142FBBF7009E64CE /* windows_opengl.cpp */ = {isa = PBXFileReference; fileEncoding = 4; lastKnownFileType = sourcecode.cpp.cpp; path = windows_opengl.cpp; sourceTree = "<group>"; };
		4342EDFD142FBBF7009E64CE /* x_opengl.cpp */ = {isa = PBXFileReference; fileEncoding = 4; lastKnownFileType = sourcecode.cpp.cpp; path = x_opengl.cpp; sourceTree = "<group>"; };
		4342EDFE142FBBF7009E64CE /* x_opengl.h */ = {isa = PBXFileReference; fileEncoding = 4; lastKnownFileType = sourcecode.c.h; path = x_opengl.h; sourceTree = "<group>"; };
		4342EE00142FBBF7009E64CE /* app_ipc.cpp */ = {isa = PBXFileReference; fileEncoding = 4; lastKnownFileType = sourcecode.cpp.cpp; path = app_ipc.cpp; sourceTree = "<group>"; };
		4342EE01142FBBF7009E64CE /* app_ipc.h */ = {isa = PBXFileReference; fileEncoding = 4; lastKnownFileType = sourcecode.c.h; path = app_ipc.h; sourceTree = "<group>"; };
		4342EE02142FBBF7009E64CE /* average.cpp */ = {isa = PBXFileReference; fileEncoding = 4; lastKnownFileType = sourcecode.cpp.cpp; path = average.cpp; sourceTree = "<group>"; };
		4342EE03142FBBF7009E64CE /* average.h */ = {isa = PBXFileReference; fileEncoding = 4; lastKnownFileType = sourcecode.c.h; path = average.h; sourceTree = "<group>"; };
		4342EE04142FBBF7009E64CE /* base64.cpp */ = {isa = PBXFileReference; fileEncoding = 4; lastKnownFileType = sourcecode.cpp.cpp; path = base64.cpp; sourceTree = "<group>"; };
		4342EE05142FBBF7009E64CE /* base64.h */ = {isa = PBXFileReference; fileEncoding = 4; lastKnownFileType = sourcecode.c.h; path = base64.h; sourceTree = "<group>"; };
		4342EE08142FBBF7009E64CE /* boinc_win.cpp */ = {isa = PBXFileReference; fileEncoding = 4; lastKnownFileType = sourcecode.cpp.cpp; path = boinc_win.cpp; sourceTree = "<group>"; };
		4342EE09142FBBF7009E64CE /* boinc_win.h */ = {isa = PBXFileReference; fileEncoding = 4; lastKnownFileType = sourcecode.c.h; path = boinc_win.h; sourceTree = "<group>"; };
		4342EE0A142FBBF7009E64CE /* cal_boinc.h */ = {isa = PBXFileReference; fileEncoding = 4; lastKnownFileType = sourcecode.c.h; path = cal_boinc.h; sourceTree = "<group>"; };
		4342EE0B142FBBF7009E64CE /* cert_sig.cpp */ = {isa = PBXFileReference; fileEncoding = 4; lastKnownFileType = sourcecode.cpp.cpp; path = cert_sig.cpp; sourceTree = "<group>"; };
		4342EE0C142FBBF7009E64CE /* cert_sig.h */ = {isa = PBXFileReference; fileEncoding = 4; lastKnownFileType = sourcecode.c.h; path = cert_sig.h; sourceTree = "<group>"; };
		4342EE0D142FBBF7009E64CE /* common_defs.h */ = {isa = PBXFileReference; fileEncoding = 4; lastKnownFileType = sourcecode.c.h; path = common_defs.h; sourceTree = "<group>"; };
		4342EE10142FBBF7009E64CE /* crypt.cpp */ = {isa = PBXFileReference; fileEncoding = 4; lastKnownFileType = sourcecode.cpp.cpp; path = crypt.cpp; sourceTree = "<group>"; };
		4342EE11142FBBF7009E64CE /* crypt.h */ = {isa = PBXFileReference; fileEncoding = 4; lastKnownFileType = sourcecode.c.h; path = crypt.h; sourceTree = "<group>"; };
		4342EE12142FBBF7009E64CE /* crypt_prog.cpp */ = {isa = PBXFileReference; fileEncoding = 4; lastKnownFileType = sourcecode.cpp.cpp; path = crypt_prog.cpp; sourceTree = "<group>"; };
		4342EE13142FBBF7009E64CE /* daemonmgt.h */ = {isa = PBXFileReference; fileEncoding = 4; lastKnownFileType = sourcecode.c.h; path = daemonmgt.h; sourceTree = "<group>"; };
		4342EE14142FBBF7009E64CE /* daemonmgt_win.cpp */ = {isa = PBXFileReference; fileEncoding = 4; lastKnownFileType = sourcecode.cpp.cpp; path = daemonmgt_win.cpp; sourceTree = "<group>"; };
		4342EE15142FBBF7009E64CE /* diagnostics.cpp */ = {isa = PBXFileReference; fileEncoding = 4; lastKnownFileType = sourcecode.cpp.cpp; path = diagnostics.cpp; sourceTree = "<group>"; };
		4342EE16142FBBF7009E64CE /* diagnostics.h */ = {isa = PBXFileReference; fileEncoding = 4; lastKnownFileType = sourcecode.c.h; path = diagnostics.h; sourceTree = "<group>"; };
		4342EE17142FBBF7009E64CE /* diagnostics_win.cpp */ = {isa = PBXFileReference; fileEncoding = 4; lastKnownFileType = sourcecode.cpp.cpp; path = diagnostics_win.cpp; sourceTree = "<group>"; };
		4342EE18142FBBF7009E64CE /* diagnostics_win.h */ = {isa = PBXFileReference; fileEncoding = 4; lastKnownFileType = sourcecode.c.h; path = diagnostics_win.h; sourceTree = "<group>"; };
		4342EE19142FBBF7009E64CE /* error_numbers.h */ = {isa = PBXFileReference; fileEncoding = 4; lastKnownFileType = sourcecode.c.h; path = error_numbers.h; sourceTree = "<group>"; };
		4342EE1A142FBBF7009E64CE /* filesys.cpp */ = {isa = PBXFileReference; fileEncoding = 4; lastKnownFileType = sourcecode.cpp.cpp; path = filesys.cpp; sourceTree = "<group>"; };
		4342EE1B142FBBF7009E64CE /* filesys.h */ = {isa = PBXFileReference; fileEncoding = 4; lastKnownFileType = sourcecode.c.h; path = filesys.h; sourceTree = "<group>"; };
		4342EE1C142FBBF7009E64CE /* gui_rpc_client.cpp */ = {isa = PBXFileReference; fileEncoding = 4; lastKnownFileType = sourcecode.cpp.cpp; path = gui_rpc_client.cpp; sourceTree = "<group>"; };
		4342EE1D142FBBF7009E64CE /* gui_rpc_client.h */ = {isa = PBXFileReference; fileEncoding = 4; lastKnownFileType = sourcecode.c.h; path = gui_rpc_client.h; sourceTree = "<group>"; };
		4342EE1E142FBBF7009E64CE /* gui_rpc_client_ops.cpp */ = {isa = PBXFileReference; fileEncoding = 4; lastKnownFileType = sourcecode.cpp.cpp; path = gui_rpc_client_ops.cpp; sourceTree = "<group>"; };
		4342EE1F142FBBF7009E64CE /* gui_rpc_client_print.cpp */ = {isa = PBXFileReference; fileEncoding = 4; lastKnownFileType = sourcecode.cpp.cpp; path = gui_rpc_client_print.cpp; sourceTree = "<group>"; };
		4342EE20142FBBF7009E64CE /* hostinfo.cpp */ = {isa = PBXFileReference; fileEncoding = 4; lastKnownFileType = sourcecode.cpp.cpp; path = hostinfo.cpp; sourceTree = "<group>"; };
		4342EE21142FBBF7009E64CE /* hostinfo.h */ = {isa = PBXFileReference; fileEncoding = 4; lastKnownFileType = sourcecode.c.h; path = hostinfo.h; sourceTree = "<group>"; };
		4342EE22142FBBF7009E64CE /* idlemon.h */ = {isa = PBXFileReference; fileEncoding = 4; lastKnownFileType = sourcecode.c.h; path = idlemon.h; sourceTree = "<group>"; };
		4342EE23142FBBF7009E64CE /* idlemon_win.cpp */ = {isa = PBXFileReference; fileEncoding = 4; lastKnownFileType = sourcecode.cpp.cpp; path = idlemon_win.cpp; sourceTree = "<group>"; };
		4342EE25142FBBF7009E64CE /* dyld_gdb.h */ = {isa = PBXFileReference; fileEncoding = 4; lastKnownFileType = sourcecode.c.h; path = dyld_gdb.h; sourceTree = "<group>"; };
		4342EE26142FBBF7009E64CE /* mac_backtrace.cpp */ = {isa = PBXFileReference; fileEncoding = 4; lastKnownFileType = sourcecode.cpp.cpp; path = mac_backtrace.cpp; sourceTree = "<group>"; };
		4342EE27142FBBF7009E64CE /* mac_backtrace.h */ = {isa = PBXFileReference; fileEncoding = 4; lastKnownFileType = sourcecode.c.h; path = mac_backtrace.h; sourceTree = "<group>"; };
		4342EE28142FBBF7009E64CE /* QBacktrace.c */ = {isa = PBXFileReference; fileEncoding = 4; lastKnownFileType = sourcecode.c.c; path = QBacktrace.c; sourceTree = "<group>"; };
		4342EE29142FBBF7009E64CE /* QBacktrace.h */ = {isa = PBXFileReference; fileEncoding = 4; lastKnownFileType = sourcecode.c.h; path = QBacktrace.h; sourceTree = "<group>"; };
		4342EE2A142FBBF7009E64CE /* QCrashReport.c */ = {isa = PBXFileReference; fileEncoding = 4; lastKnownFileType = sourcecode.c.c; path = QCrashReport.c; sourceTree = "<group>"; };
		4342EE2B142FBBF7009E64CE /* QCrashReport.h */ = {isa = PBXFileReference; fileEncoding = 4; lastKnownFileType = sourcecode.c.h; path = QCrashReport.h; sourceTree = "<group>"; };
		4342EE2C142FBBF7009E64CE /* QMachOImage.c */ = {isa = PBXFileReference; fileEncoding = 4; lastKnownFileType = sourcecode.c.c; path = QMachOImage.c; sourceTree = "<group>"; };
		4342EE2D142FBBF7009E64CE /* QMachOImage.h */ = {isa = PBXFileReference; fileEncoding = 4; lastKnownFileType = sourcecode.c.h; path = QMachOImage.h; sourceTree = "<group>"; };
		4342EE2E142FBBF7009E64CE /* QMachOImageList.c */ = {isa = PBXFileReference; fileEncoding = 4; lastKnownFileType = sourcecode.c.c; path = QMachOImageList.c; sourceTree = "<group>"; };
		4342EE2F142FBBF7009E64CE /* QMachOImageList.h */ = {isa = PBXFileReference; fileEncoding = 4; lastKnownFileType = sourcecode.c.h; path = QMachOImageList.h; sourceTree = "<group>"; };
		4342EE30142FBBF7009E64CE /* QSymbols.c */ = {isa = PBXFileReference; fileEncoding = 4; lastKnownFileType = sourcecode.c.c; path = QSymbols.c; sourceTree = "<group>"; };
		4342EE31142FBBF7009E64CE /* QSymbols.h */ = {isa = PBXFileReference; fileEncoding = 4; lastKnownFileType = sourcecode.c.h; path = QSymbols.h; sourceTree = "<group>"; };
		4342EE32142FBBF7009E64CE /* QTaskMemory.c */ = {isa = PBXFileReference; fileEncoding = 4; lastKnownFileType = sourcecode.c.c; path = QTaskMemory.c; sourceTree = "<group>"; };
		4342EE33142FBBF7009E64CE /* QTaskMemory.h */ = {isa = PBXFileReference; fileEncoding = 4; lastKnownFileType = sourcecode.c.h; path = QTaskMemory.h; sourceTree = "<group>"; };
		4342EE34142FBBF7009E64CE /* mac_address.cpp */ = {isa = PBXFileReference; fileEncoding = 4; lastKnownFileType = sourcecode.cpp.cpp; path = mac_address.cpp; sourceTree = "<group>"; };
		4342EE35142FBBF7009E64CE /* mac_address.h */ = {isa = PBXFileReference; fileEncoding = 4; lastKnownFileType = sourcecode.c.h; path = mac_address.h; sourceTree = "<group>"; };
		4342EE38142FBBF7009E64CE /* md5.c */ = {isa = PBXFileReference; fileEncoding = 4; lastKnownFileType = sourcecode.c.c; path = md5.c; sourceTree = "<group>"; };
		4342EE39142FBBF7009E64CE /* md5.h */ = {isa = PBXFileReference; fileEncoding = 4; lastKnownFileType = sourcecode.c.h; path = md5.h; sourceTree = "<group>"; };
		4342EE3A142FBBF7009E64CE /* md5_file.cpp */ = {isa = PBXFileReference; fileEncoding = 4; lastKnownFileType = sourcecode.cpp.cpp; path = md5_file.cpp; sourceTree = "<group>"; };
		4342EE3B142FBBF7009E64CE /* md5_file.h */ = {isa = PBXFileReference; fileEncoding = 4; lastKnownFileType = sourcecode.c.h; path = md5_file.h; sourceTree = "<group>"; };
		4342EE3C142FBBF7009E64CE /* md5_test.cpp */ = {isa = PBXFileReference; fileEncoding = 4; lastKnownFileType = sourcecode.cpp.cpp; path = md5_test.cpp; sourceTree = "<group>"; };
		4342EE3D142FBBF7009E64CE /* mem_usage.cpp */ = {isa = PBXFileReference; fileEncoding = 4; lastKnownFileType = sourcecode.cpp.cpp; path = mem_usage.cpp; sourceTree = "<group>"; };
		4342EE3E142FBBF7009E64CE /* mem_usage.h */ = {isa = PBXFileReference; fileEncoding = 4; lastKnownFileType = sourcecode.c.h; path = mem_usage.h; sourceTree = "<group>"; };
		4342EE3F142FBBF7009E64CE /* mfile.cpp */ = {isa = PBXFileReference; fileEncoding = 4; lastKnownFileType = sourcecode.cpp.cpp; path = mfile.cpp; sourceTree = "<group>"; };
		4342EE40142FBBF7009E64CE /* mfile.h */ = {isa = PBXFileReference; fileEncoding = 4; lastKnownFileType = sourcecode.c.h; path = mfile.h; sourceTree = "<group>"; };
		4342EE41142FBBF7009E64CE /* miofile.cpp */ = {isa = PBXFileReference; fileEncoding = 4; lastKnownFileType = sourcecode.cpp.cpp; path = miofile.cpp; sourceTree = "<group>"; };
		4342EE42142FBBF7009E64CE /* miofile.h */ = {isa = PBXFileReference; fileEncoding = 4; lastKnownFileType = sourcecode.c.h; path = miofile.h; sourceTree = "<group>"; };
		4342EE43142FBBF7009E64CE /* msg_log.cpp */ = {isa = PBXFileReference; fileEncoding = 4; lastKnownFileType = sourcecode.cpp.cpp; path = msg_log.cpp; sourceTree = "<group>"; };
		4342EE44142FBBF7009E64CE /* msg_log.h */ = {isa = PBXFileReference; fileEncoding = 4; lastKnownFileType = sourcecode.c.h; path = msg_log.h; sourceTree = "<group>"; };
		4342EE45142FBBF7009E64CE /* msg_queue.cpp */ = {isa = PBXFileReference; fileEncoding = 4; lastKnownFileType = sourcecode.cpp.cpp; path = msg_queue.cpp; sourceTree = "<group>"; };
		4342EE46142FBBF7009E64CE /* msg_queue.h */ = {isa = PBXFileReference; fileEncoding = 4; lastKnownFileType = sourcecode.c.h; path = msg_queue.h; sourceTree = "<group>"; };
		4342EE47142FBBF7009E64CE /* msg_test.cpp */ = {isa = PBXFileReference; fileEncoding = 4; lastKnownFileType = sourcecode.cpp.cpp; path = msg_test.cpp; sourceTree = "<group>"; };
		4342EE48142FBBF7009E64CE /* network.cpp */ = {isa = PBXFileReference; fileEncoding = 4; lastKnownFileType = sourcecode.cpp.cpp; path = network.cpp; sourceTree = "<group>"; };
		4342EE49142FBBF7009E64CE /* network.h */ = {isa = PBXFileReference; fileEncoding = 4; lastKnownFileType = sourcecode.c.h; path = network.h; sourceTree = "<group>"; };
		4342EE4A142FBBF7009E64CE /* notice.cpp */ = {isa = PBXFileReference; fileEncoding = 4; lastKnownFileType = sourcecode.cpp.cpp; path = notice.cpp; sourceTree = "<group>"; };
		4342EE4B142FBBF7009E64CE /* notice.h */ = {isa = PBXFileReference; fileEncoding = 4; lastKnownFileType = sourcecode.c.h; path = notice.h; sourceTree = "<group>"; };
		4342EE4C142FBBF7009E64CE /* parse.cpp */ = {isa = PBXFileReference; fileEncoding = 4; lastKnownFileType = sourcecode.cpp.cpp; path = parse.cpp; sourceTree = "<group>"; };
		4342EE4D142FBBF7009E64CE /* parse.h */ = {isa = PBXFileReference; fileEncoding = 4; lastKnownFileType = sourcecode.c.h; path = parse.h; sourceTree = "<group>"; };
		4342EE4E142FBBF7009E64CE /* prefs.cpp */ = {isa = PBXFileReference; fileEncoding = 4; lastKnownFileType = sourcecode.cpp.cpp; path = prefs.cpp; sourceTree = "<group>"; };
		4342EE4F142FBBF7009E64CE /* prefs.h */ = {isa = PBXFileReference; fileEncoding = 4; lastKnownFileType = sourcecode.c.h; path = prefs.h; sourceTree = "<group>"; };
		4342EE50142FBBF7009E64CE /* proc_control.cpp */ = {isa = PBXFileReference; fileEncoding = 4; lastKnownFileType = sourcecode.cpp.cpp; path = proc_control.cpp; sourceTree = "<group>"; };
		4342EE51142FBBF7009E64CE /* proc_control.h */ = {isa = PBXFileReference; fileEncoding = 4; lastKnownFileType = sourcecode.c.h; path = proc_control.h; sourceTree = "<group>"; };
		4342EE52142FBBF7009E64CE /* procinfo.h */ = {isa = PBXFileReference; fileEncoding = 4; lastKnownFileType = sourcecode.c.h; path = procinfo.h; sourceTree = "<group>"; };
		4342EE53142FBBF7009E64CE /* procinfo_mac.cpp */ = {isa = PBXFileReference; fileEncoding = 4; lastKnownFileType = sourcecode.cpp.cpp; path = procinfo_mac.cpp; sourceTree = "<group>"; };
		4342EE54142FBBF7009E64CE /* procinfo_unix.cpp */ = {isa = PBXFileReference; fileEncoding = 4; lastKnownFileType = sourcecode.cpp.cpp; path = procinfo_unix.cpp; sourceTree = "<group>"; };
		4342EE55142FBBF7009E64CE /* procinfo_win.cpp */ = {isa = PBXFileReference; fileEncoding = 4; lastKnownFileType = sourcecode.cpp.cpp; path = procinfo_win.cpp; sourceTree = "<group>"; };
		4342EE56142FBBF7009E64CE /* proxy_info.cpp */ = {isa = PBXFileReference; fileEncoding = 4; lastKnownFileType = sourcecode.cpp.cpp; path = proxy_info.cpp; sourceTree = "<group>"; };
		4342EE57142FBBF7009E64CE /* proxy_info.h */ = {isa = PBXFileReference; fileEncoding = 4; lastKnownFileType = sourcecode.c.h; path = proxy_info.h; sourceTree = "<group>"; };
		4342EE58142FBBF7009E64CE /* shmem.cpp */ = {isa = PBXFileReference; fileEncoding = 4; lastKnownFileType = sourcecode.cpp.cpp; path = shmem.cpp; sourceTree = "<group>"; };
		4342EE59142FBBF7009E64CE /* shmem.h */ = {isa = PBXFileReference; fileEncoding = 4; lastKnownFileType = sourcecode.c.h; path = shmem.h; sourceTree = "<group>"; };
		4342EE5A142FBBF7009E64CE /* shmem_test.cpp */ = {isa = PBXFileReference; fileEncoding = 4; lastKnownFileType = sourcecode.cpp.cpp; path = shmem_test.cpp; sourceTree = "<group>"; };
		4342EE5B142FBBF7009E64CE /* stackwalker_imports.h */ = {isa = PBXFileReference; fileEncoding = 4; lastKnownFileType = sourcecode.c.h; path = stackwalker_imports.h; sourceTree = "<group>"; };
		4342EE5C142FBBF7009E64CE /* stackwalker_win.cpp */ = {isa = PBXFileReference; fileEncoding = 4; lastKnownFileType = sourcecode.cpp.cpp; path = stackwalker_win.cpp; sourceTree = "<group>"; };
		4342EE5D142FBBF7009E64CE /* stackwalker_win.h */ = {isa = PBXFileReference; fileEncoding = 4; lastKnownFileType = sourcecode.c.h; path = stackwalker_win.h; sourceTree = "<group>"; };
		4342EE5E142FBBF7009E64CE /* std_fixes.h */ = {isa = PBXFileReference; fileEncoding = 4; lastKnownFileType = sourcecode.c.h; path = std_fixes.h; sourceTree = "<group>"; };
		4342EE5F142FBBF7009E64CE /* str_replace.h */ = {isa = PBXFileReference; fileEncoding = 4; lastKnownFileType = sourcecode.c.h; path = str_replace.h; sourceTree = "<group>"; };
		4342EE60142FBBF7009E64CE /* str_util.cpp */ = {isa = PBXFileReference; fileEncoding = 4; lastKnownFileType = sourcecode.cpp.cpp; path = str_util.cpp; sourceTree = "<group>"; };
		4342EE61142FBBF7009E64CE /* str_util.h */ = {isa = PBXFileReference; fileEncoding = 4; lastKnownFileType = sourcecode.c.h; path = str_util.h; sourceTree = "<group>"; };
		4342EE62142FBBF7009E64CE /* susp.cpp */ = {isa = PBXFileReference; fileEncoding = 4; lastKnownFileType = sourcecode.cpp.cpp; path = susp.cpp; sourceTree = "<group>"; };
		4342EE63142FBBF7009E64CE /* synch.cpp */ = {isa = PBXFileReference; fileEncoding = 4; lastKnownFileType = sourcecode.cpp.cpp; path = synch.cpp; sourceTree = "<group>"; };
		4342EE64142FBBF7009E64CE /* synch.h */ = {isa = PBXFileReference; fileEncoding = 4; lastKnownFileType = sourcecode.c.h; path = synch.h; sourceTree = "<group>"; };
		4342EE65142FBBF7009E64CE /* synch_test.cpp */ = {isa = PBXFileReference; fileEncoding = 4; lastKnownFileType = sourcecode.cpp.cpp; path = synch_test.cpp; sourceTree = "<group>"; };
		4342EE66142FBBF7009E64CE /* unix_util.cpp */ = {isa = PBXFileReference; fileEncoding = 4; lastKnownFileType = sourcecode.cpp.cpp; path = unix_util.cpp; sourceTree = "<group>"; };
		4342EE67142FBBF7009E64CE /* unix_util.h */ = {isa = PBXFileReference; fileEncoding = 4; lastKnownFileType = sourcecode.c.h; path = unix_util.h; sourceTree = "<group>"; };
		4342EE68142FBBF7009E64CE /* url.cpp */ = {isa = PBXFileReference; fileEncoding = 4; lastKnownFileType = sourcecode.cpp.cpp; path = url.cpp; sourceTree = "<group>"; };
		4342EE69142FBBF7009E64CE /* url.h */ = {isa = PBXFileReference; fileEncoding = 4; lastKnownFileType = sourcecode.c.h; path = url.h; sourceTree = "<group>"; };
		4342EE6A142FBBF7009E64CE /* util.cpp */ = {isa = PBXFileReference; fileEncoding = 4; lastKnownFileType = sourcecode.cpp.cpp; path = util.cpp; sourceTree = "<group>"; };
		4342EE6B142FBBF7009E64CE /* util.h */ = {isa = PBXFileReference; fileEncoding = 4; lastKnownFileType = sourcecode.c.h; path = util.h; sourceTree = "<group>"; };
		4342EE6C142FBBF7009E64CE /* win_util.cpp */ = {isa = PBXFileReference; fileEncoding = 4; lastKnownFileType = sourcecode.cpp.cpp; path = win_util.cpp; sourceTree = "<group>"; };
		4342EE6D142FBBF7009E64CE /* win_util.h */ = {isa = PBXFileReference; fileEncoding = 4; lastKnownFileType = sourcecode.c.h; path = win_util.h; sourceTree = "<group>"; };
		4342EE6E142FBBF7009E64CE /* x_util.cpp */ = {isa = PBXFileReference; fileEncoding = 4; lastKnownFileType = sourcecode.cpp.cpp; path = x_util.cpp; sourceTree = "<group>"; };
		4342EE72142FBC86009E64CE /* distrrtgen */ = {isa = PBXFileReference; explicitFileType = "compiled.mach-o.executable"; includeInIndex = 0; path = distrrtgen; sourceTree = BUILT_PRODUCTS_DIR; };
		4342EE7C142FBD12009E64CE /* coproc.cpp */ = {isa = PBXFileReference; fileEncoding = 4; lastKnownFileType = sourcecode.cpp.cpp; path = coproc.cpp; sourceTree = "<group>"; };
		4342EE7D142FBD12009E64CE /* coproc.h */ = {isa = PBXFileReference; fileEncoding = 4; lastKnownFileType = sourcecode.c.h; path = coproc.h; sourceTree = "<group>"; };
		4342EF4D142FC099009E64CE /* distrrtgen.cpp */ = {isa = PBXFileReference; fileEncoding = 4; lastKnownFileType = sourcecode.cpp.cpp; name = distrrtgen.cpp; path = boinc_software/boinc_client_apps/distrrtgen/distrrtgen.cpp; sourceTree = SOURCE_ROOT; };
		4342EF4E142FC099009E64CE /* distrrtgen.h */ = {isa = PBXFileReference; fileEncoding = 4; lastKnownFileType = sourcecode.c.h; name = distrrtgen.h; path = boinc_software/boinc_client_apps/distrrtgen/distrrtgen.h; sourceTree = SOURCE_ROOT; };
		4342EF8A142FC3B9009E64CE /* BaseRTReader.cpp */ = {isa = PBXFileReference; fileEncoding = 4; lastKnownFileType = sourcecode.cpp.cpp; name = BaseRTReader.cpp; path = common/rt_api/BaseRTReader.cpp; sourceTree = "<group>"; };
		4342EF8B142FC3B9009E64CE /* BaseRTReader.h */ = {isa = PBXFileReference; fileEncoding = 4; lastKnownFileType = sourcecode.c.h; name = BaseRTReader.h; path = common/rt_api/BaseRTReader.h; sourceTree = "<group>"; };
		4342EF8C142FC3B9009E64CE /* BaseRTWriter.cpp */ = {isa = PBXFileReference; fileEncoding = 4; lastKnownFileType = sourcecode.cpp.cpp; name = BaseRTWriter.cpp; path = common/rt_api/BaseRTWriter.cpp; sourceTree = "<group>"; };
		4342EF8D142FC3B9009E64CE /* BaseRTWriter.h */ = {isa = PBXFileReference; fileEncoding = 4; lastKnownFileType = sourcecode.c.h; name = BaseRTWriter.h; path = common/rt_api/BaseRTWriter.h; sourceTree = "<group>"; };
		4342EF8E142FC3B9009E64CE /* ChainWalkContext.cpp */ = {isa = PBXFileReference; fileEncoding = 4; lastKnownFileType = sourcecode.cpp.cpp; name = ChainWalkContext.cpp; path = common/rt_api/ChainWalkContext.cpp; sourceTree = "<group>"; };
		4342EF8F142FC3B9009E64CE /* ChainWalkContext.h */ = {isa = PBXFileReference; fileEncoding = 4; lastKnownFileType = sourcecode.c.h; name = ChainWalkContext.h; path = common/rt_api/ChainWalkContext.h; sourceTree = "<group>"; };
		4342EF90142FC3B9009E64CE /* ChainWalkSet.cpp */ = {isa = PBXFileReference; fileEncoding = 4; lastKnownFileType = sourcecode.cpp.cpp; name = ChainWalkSet.cpp; path = common/rt_api/ChainWalkSet.cpp; sourceTree = "<group>"; };
		4342EF91142FC3B9009E64CE /* ChainWalkSet.h */ = {isa = PBXFileReference; fileEncoding = 4; lastKnownFileType = sourcecode.c.h; name = ChainWalkSet.h; path = common/rt_api/ChainWalkSet.h; sourceTree = "<group>"; };
		4342EF92142FC3B9009E64CE /* des_enc.c */ = {isa = PBXFileReference; fileEncoding = 4; lastKnownFileType = sourcecode.c.c; name = des_enc.c; path = common/rt_api/des_enc.c; sourceTree = "<group>"; };
		4342EF93142FC3B9009E64CE /* des_locl.h */ = {isa = PBXFileReference; fileEncoding = 4; lastKnownFileType = sourcecode.c.h; name = des_locl.h; path = common/rt_api/des_locl.h; sourceTree = "<group>"; };
		4342EF94142FC3B9009E64CE /* des_setkey.c */ = {isa = PBXFileReference; fileEncoding = 4; lastKnownFileType = sourcecode.c.c; name = des_setkey.c; path = common/rt_api/des_setkey.c; sourceTree = "<group>"; };
		4342EF95142FC3B9009E64CE /* des.h */ = {isa = PBXFileReference; fileEncoding = 4; lastKnownFileType = sourcecode.c.h; name = des.h; path = common/rt_api/des.h; sourceTree = "<group>"; };
		4342EF96142FC3B9009E64CE /* ecb_enc.c */ = {isa = PBXFileReference; fileEncoding = 4; lastKnownFileType = sourcecode.c.c; name = ecb_enc.c; path = common/rt_api/ecb_enc.c; sourceTree = "<group>"; };
		4342EF97142FC3B9009E64CE /* fast_md4.cpp */ = {isa = PBXFileReference; fileEncoding = 4; lastKnownFileType = sourcecode.cpp.cpp; name = fast_md4.cpp; path = common/rt_api/fast_md4.cpp; sourceTree = "<group>"; };
		4342EF98142FC3B9009E64CE /* fast_md4.h */ = {isa = PBXFileReference; fileEncoding = 4; lastKnownFileType = sourcecode.c.h; name = fast_md4.h; path = common/rt_api/fast_md4.h; sourceTree = "<group>"; };
		4342EF99142FC3B9009E64CE /* fast_md5.cpp */ = {isa = PBXFileReference; fileEncoding = 4; lastKnownFileType = sourcecode.cpp.cpp; name = fast_md5.cpp; path = common/rt_api/fast_md5.cpp; sourceTree = "<group>"; };
		4342EF9A142FC3B9009E64CE /* fast_md5.h */ = {isa = PBXFileReference; fileEncoding = 4; lastKnownFileType = sourcecode.c.h; name = fast_md5.h; path = common/rt_api/fast_md5.h; sourceTree = "<group>"; };
		4342EF9B142FC3B9009E64CE /* global.h */ = {isa = PBXFileReference; fileEncoding = 4; lastKnownFileType = sourcecode.c.h; name = global.h; path = common/rt_api/global.h; sourceTree = "<group>"; };
		4342EF9C142FC3B9009E64CE /* HashAlgorithm.cpp */ = {isa = PBXFileReference; fileEncoding = 4; lastKnownFileType = sourcecode.cpp.cpp; name = HashAlgorithm.cpp; path = common/rt_api/HashAlgorithm.cpp; sourceTree = "<group>"; };
		4342EF9D142FC3B9009E64CE /* HashAlgorithm.h */ = {isa = PBXFileReference; fileEncoding = 4; lastKnownFileType = sourcecode.c.h; name = HashAlgorithm.h; path = common/rt_api/HashAlgorithm.h; sourceTree = "<group>"; };
		4342EF9E142FC3B9009E64CE /* HashRoutine.cpp */ = {isa = PBXFileReference; fileEncoding = 4; lastKnownFileType = sourcecode.cpp.cpp; name = HashRoutine.cpp; path = common/rt_api/HashRoutine.cpp; sourceTree = "<group>"; };
		4342EF9F142FC3B9009E64CE /* HashRoutine.h */ = {isa = PBXFileReference; fileEncoding = 4; lastKnownFileType = sourcecode.c.h; name = HashRoutine.h; path = common/rt_api/HashRoutine.h; sourceTree = "<group>"; };
		4342EFA0142FC3B9009E64CE /* MemoryPool.cpp */ = {isa = PBXFileReference; fileEncoding = 4; lastKnownFileType = sourcecode.cpp.cpp; name = MemoryPool.cpp; path = common/rt_api/MemoryPool.cpp; sourceTree = "<group>"; };
		4342EFA1142FC3B9009E64CE /* MemoryPool.h */ = {isa = PBXFileReference; fileEncoding = 4; lastKnownFileType = sourcecode.c.h; name = MemoryPool.h; path = common/rt_api/MemoryPool.h; sourceTree = "<group>"; };
		4342EFA2142FC3B9009E64CE /* podd.h */ = {isa = PBXFileReference; fileEncoding = 4; lastKnownFileType = sourcecode.c.h; name = podd.h; path = common/rt_api/podd.h; sourceTree = "<group>"; };
		4342EFA3142FC3B9009E64CE /* Public.cpp */ = {isa = PBXFileReference; fileEncoding = 4; lastKnownFileType = sourcecode.cpp.cpp; name = Public.cpp; path = common/rt_api/Public.cpp; sourceTree = "<group>"; };
		4342EFA4142FC3B9009E64CE /* Public.h */ = {isa = PBXFileReference; fileEncoding = 4; lastKnownFileType = sourcecode.c.h; name = Public.h; path = common/rt_api/Public.h; sourceTree = "<group>"; };
		4342EFA5142FC3B9009E64CE /* RTI2Common.cpp */ = {isa = PBXFileReference; fileEncoding = 4; lastKnownFileType = sourcecode.cpp.cpp; name = RTI2Common.cpp; path = common/rt_api/RTI2Common.cpp; sourceTree = "<group>"; };
		4342EFA6142FC3B9009E64CE /* RTI2Common.h */ = {isa = PBXFileReference; fileEncoding = 4; lastKnownFileType = sourcecode.c.h; name = RTI2Common.h; path = common/rt_api/RTI2Common.h; sourceTree = "<group>"; };
		4342EFA7142FC3B9009E64CE /* RTI2Reader.cpp */ = {isa = PBXFileReference; fileEncoding = 4; lastKnownFileType = sourcecode.cpp.cpp; name = RTI2Reader.cpp; path = common/rt_api/RTI2Reader.cpp; sourceTree = "<group>"; };
		4342EFA8142FC3B9009E64CE /* RTI2Reader.h */ = {isa = PBXFileReference; fileEncoding = 4; lastKnownFileType = sourcecode.c.h; name = RTI2Reader.h; path = common/rt_api/RTI2Reader.h; sourceTree = "<group>"; };
		4342EFA9142FC3B9009E64CE /* RTI2Writer.cpp */ = {isa = PBXFileReference; fileEncoding = 4; lastKnownFileType = sourcecode.cpp.cpp; name = RTI2Writer.cpp; path = common/rt_api/RTI2Writer.cpp; sourceTree = "<group>"; };
		4342EFAA142FC3B9009E64CE /* RTI2Writer.h */ = {isa = PBXFileReference; fileEncoding = 4; lastKnownFileType = sourcecode.c.h; name = RTI2Writer.h; path = common/rt_api/RTI2Writer.h; sourceTree = "<group>"; };
		4342EFAB142FC3B9009E64CE /* RTIReader.cpp */ = {isa = PBXFileReference; fileEncoding = 4; lastKnownFileType = sourcecode.cpp.cpp; name = RTIReader.cpp; path = common/rt_api/RTIReader.cpp; sourceTree = "<group>"; };
		4342EFAC142FC3B9009E64CE /* RTIReader.h */ = {isa = PBXFileReference; fileEncoding = 4; lastKnownFileType = sourcecode.c.h; name = RTIReader.h; path = common/rt_api/RTIReader.h; sourceTree = "<group>"; };
		4342EFAD142FC3B9009E64CE /* RTReader.cpp */ = {isa = PBXFileReference; fileEncoding = 4; lastKnownFileType = sourcecode.cpp.cpp; name = RTReader.cpp; path = common/rt_api/RTReader.cpp; sourceTree = "<group>"; };
		4342EFAE142FC3B9009E64CE /* RTReader.h */ = {isa = PBXFileReference; fileEncoding = 4; lastKnownFileType = sourcecode.c.h; name = RTReader.h; path = common/rt_api/RTReader.h; sourceTree = "<group>"; };
		4342EFAF142FC3B9009E64CE /* sha1.cpp */ = {isa = PBXFileReference; fileEncoding = 4; lastKnownFileType = sourcecode.cpp.cpp; name = sha1.cpp; path = common/rt_api/sha1.cpp; sourceTree = "<group>"; };
		4342EFB0142FC3B9009E64CE /* sha1.h */ = {isa = PBXFileReference; fileEncoding = 4; lastKnownFileType = sourcecode.c.h; name = sha1.h; path = common/rt_api/sha1.h; sourceTree = "<group>"; };
		4342EFB1142FC3B9009E64CE /* sk.h */ = {isa = PBXFileReference; fileEncoding = 4; lastKnownFileType = sourcecode.c.h; name = sk.h; path = common/rt_api/sk.h; sourceTree = "<group>"; };
		4342EFB2142FC3B9009E64CE /* spr.h */ = {isa = PBXFileReference; fileEncoding = 4; lastKnownFileType = sourcecode.c.h; name = spr.h; path = common/rt_api/spr.h; sourceTree = "<group>"; };
		4342F024142FC8DA009E64CE /* libpthread.dylib */ = {isa = PBXFileReference; lastKnownFileType = "compiled.mach-o.dylib"; name = libpthread.dylib; path = usr/lib/libpthread.dylib; sourceTree = SDKROOT; };
		4342F026142FCA04009E64CE /* libssl.dylib */ = {isa = PBXFileReference; lastKnownFileType = "compiled.mach-o.dylib"; name = libssl.dylib; path = usr/lib/libssl.dylib; sourceTree = SDKROOT; };
		4342F067142FCAB2009E64CE /* AppKit.framework */ = {isa = PBXFileReference; lastKnownFileType = wrapper.framework; name = AppKit.framework; path = System/Library/Frameworks/AppKit.framework; sourceTree = SDKROOT; };
		4342F11F142FCAFA009E64CE /* IOKit.framework */ = {isa = PBXFileReference; lastKnownFileType = wrapper.framework; name = IOKit.framework; path = System/Library/Frameworks/IOKit.framework; sourceTree = SDKROOT; };
/* End PBXFileReference section */

/* Begin PBXFrameworksBuildPhase section */
		4342EE70142FBC86009E64CE /* Frameworks */ = {
			isa = PBXFrameworksBuildPhase;
			buildActionMask = 2147483647;
			files = (
				4342F068142FCAB2009E64CE /* AppKit.framework in Frameworks */,
				4342F120142FCAFA009E64CE /* IOKit.framework in Frameworks */,
				4342F025142FC8DA009E64CE /* libpthread.dylib in Frameworks */,
				4342F027142FCA04009E64CE /* libssl.dylib in Frameworks */,
			);
			runOnlyForDeploymentPostprocessing = 0;
		};
/* End PBXFrameworksBuildPhase section */

/* Begin PBXGroup section */
		430646421430014B00B2AE71 /* client */ = {
			isa = PBXGroup;
			children = (
				430646431430014B00B2AE71 /* acct_mgr.cpp */,
				430646441430014B00B2AE71 /* acct_mgr.h */,
				430646451430014B00B2AE71 /* acct_setup.cpp */,
				430646461430014B00B2AE71 /* acct_setup.h */,
				430646471430014B00B2AE71 /* app.cpp */,
				430646481430014B00B2AE71 /* app.h */,
				430646491430014B00B2AE71 /* app_control.cpp */,
				4306464A1430014B00B2AE71 /* app_graphics.cpp */,
				4306464B1430014B00B2AE71 /* app_start.cpp */,
				4306464C1430014B00B2AE71 /* app_stats_mac.cpp */,
				4306464D1430014B00B2AE71 /* auto_update.cpp */,
				4306464E1430014B00B2AE71 /* auto_update.h */,
				4306464F1430014B00B2AE71 /* boinc_cmd.cpp */,
				430646501430014B00B2AE71 /* boinc_log.cpp */,
				430646521430014B00B2AE71 /* check_security.cpp */,
				430646531430014B00B2AE71 /* check_state.cpp */,
				430646541430014B00B2AE71 /* client_msgs.cpp */,
				430646551430014B00B2AE71 /* client_msgs.h */,
				430646561430014B00B2AE71 /* client_state.cpp */,
				430646571430014B00B2AE71 /* client_state.h */,
				430646581430014B00B2AE71 /* client_types.cpp */,
				430646591430014B00B2AE71 /* client_types.h */,
				4306465A1430014B00B2AE71 /* coproc_detect.cpp */,
				4306465B1430014B00B2AE71 /* cpp.h */,
				4306465C1430014B00B2AE71 /* cpu_benchmark.h */,
				4306465D1430014B00B2AE71 /* cpu_sched.cpp */,
				4306465E1430014B00B2AE71 /* cs_account.cpp */,
				4306465F1430014B00B2AE71 /* cs_apps.cpp */,
				430646601430014B00B2AE71 /* cs_benchmark.cpp */,
				430646611430014B00B2AE71 /* cs_cmdline.cpp */,
				430646621430014B00B2AE71 /* cs_files.cpp */,
				430646631430014B00B2AE71 /* cs_notice.cpp */,
				430646641430014B00B2AE71 /* cs_notice.h */,
				430646651430014B00B2AE71 /* cs_platforms.cpp */,
				430646661430014B00B2AE71 /* cs_prefs.cpp */,
				430646671430014B00B2AE71 /* cs_proxy.cpp */,
				430646681430014B00B2AE71 /* cs_proxy.h */,
				430646691430014B00B2AE71 /* cs_scheduler.cpp */,
				4306466A1430014B00B2AE71 /* cs_statefile.cpp */,
				4306466B1430014B00B2AE71 /* cs_trickle.cpp */,
				4306466C1430014B00B2AE71 /* current_version.cpp */,
				4306466D1430014B00B2AE71 /* current_version.h */,
				4306466E1430014B00B2AE71 /* dhrystone.cpp */,
				4306466F1430014B00B2AE71 /* dhrystone.h */,
				430646701430014B00B2AE71 /* dhrystone2.cpp */,
				430646711430014B00B2AE71 /* file_names.cpp */,
				430646721430014B00B2AE71 /* file_names.h */,
				430646731430014B00B2AE71 /* file_xfer.cpp */,
				430646741430014B00B2AE71 /* file_xfer.h */,
				430646751430014B00B2AE71 /* gui_http.cpp */,
				430646761430014B00B2AE71 /* gui_http.h */,
				430646771430014B00B2AE71 /* gui_rpc_server.cpp */,
				430646781430014B00B2AE71 /* gui_rpc_server.h */,
				430646791430014B00B2AE71 /* gui_rpc_server_ops.cpp */,
				4306467A1430014B00B2AE71 /* hostinfo_network.cpp */,
				4306467B1430014B00B2AE71 /* hostinfo_network.h */,
				4306467C1430014B00B2AE71 /* hostinfo_unix.cpp */,
				4306467D1430014B00B2AE71 /* hostinfo_unix_test.cpp */,
				4306467E1430014B00B2AE71 /* hostinfo_win.cpp */,
				4306467F1430014B00B2AE71 /* http_curl.cpp */,
				430646801430014B00B2AE71 /* http_curl.h */,
				430646821430014B00B2AE71 /* log_flags.cpp */,
				430646831430014B00B2AE71 /* log_flags.h */,
				430646841430014B00B2AE71 /* main.cpp */,
				430646851430014B00B2AE71 /* main.h */,
				4306468A1430014B00B2AE71 /* net_stats.cpp */,
				4306468B1430014B00B2AE71 /* net_stats.h */,
				430646961430014B00B2AE71 /* pers_file_xfer.cpp */,
				430646971430014B00B2AE71 /* pers_file_xfer.h */,
				430646981430014B00B2AE71 /* rr_sim.cpp */,
				430646991430014B00B2AE71 /* rr_sim.h */,
				4306469A1430014B00B2AE71 /* rrsim_test.cpp */,
				4306469B1430014B00B2AE71 /* sandbox.cpp */,
				4306469C1430014B00B2AE71 /* sandbox.h */,
				4306469D1430014B00B2AE71 /* scheduler_op.cpp */,
				4306469E1430014B00B2AE71 /* scheduler_op.h */,
				430646A41430014B00B2AE71 /* setprojectgrp.cpp */,
				430646A51430014B00B2AE71 /* sim.cpp */,
				430646A61430014B00B2AE71 /* sim.h */,
				430646AA1430014B00B2AE71 /* sim_util.cpp */,
				430646AB1430014B00B2AE71 /* stream.cpp */,
				430646AC1430014B00B2AE71 /* switcher.cpp */,
				430646AD1430014B00B2AE71 /* sysmon_win.cpp */,
				430646AE1430014B00B2AE71 /* sysmon_win.h */,
				430646B21430014B00B2AE71 /* time_stats.cpp */,
				430646B31430014B00B2AE71 /* time_stats.h */,
				430646B41430014B00B2AE71 /* whetstone.cpp */,
				430646C11430014B00B2AE71 /* work_fetch.cpp */,
				430646C21430014B00B2AE71 /* work_fetch.h */,
			);
			name = client;
			path = "external/bonic-6.12.33/client";
			sourceTree = "<group>";
		};
		430646C3143001C900B2AE71 /* mac */ = {
			isa = PBXGroup;
			children = (
				430646C4143001C900B2AE71 /* browser_safari.mm */,
				430646C5143001C900B2AE71 /* config.h */,
				430646C6143001C900B2AE71 /* gridrepublic.tiff */,
				430646C7143001C900B2AE71 /* Mac_GUI.cpp */,
				430646C8143001C900B2AE71 /* MacAccessiblity.cpp */,
				430646C9143001C900B2AE71 /* MacAccessiblity.h */,
				430646CA143001C900B2AE71 /* MacGUI.pch */,
				430646CB143001C900B2AE71 /* MacSysMenu.cpp */,
				430646CC143001C900B2AE71 /* MacSysMenu.h */,
				430646CD143001C900B2AE71 /* ProgThruProc.tiff */,
				430646CE143001C900B2AE71 /* SecurityUtility.cpp */,
				430646CF143001C900B2AE71 /* SetupSecurity.cpp */,
				430646D0143001C900B2AE71 /* SetupSecurity.h */,
				430646D1143001C900B2AE71 /* SetVersion.cpp */,
				430646D2143001C900B2AE71 /* SystemMenu.m */,
				430646D3143001C900B2AE71 /* SystemMenu_Prefix.pch */,
			);
			name = mac;
			path = "external/bonic-6.12.33/clientgui/mac";
			sourceTree = "<group>";
		};
		4342ED9C142FBB84009E64CE = {
			isa = PBXGroup;
			children = (
				4342EF49142FC060009E64CE /* distrrtgen */,
				4342EDA7142FBBBD009E64CE /* Boinc */,
				4342F05A142FCA34009E64CE /* System Frameworks */,
				4342EE73142FBC86009E64CE /* Products */,
			);
			sourceTree = "<group>";
		};
		4342EDA7142FBBBD009E64CE /* Boinc */ = {
			isa = PBXGroup;
			children = (
				43064641143000F100B2AE71 /* version.h */,
				4342EDAE142FBBF5009E64CE /* api */,
				430646421430014B00B2AE71 /* client */,
				430646C3143001C900B2AE71 /* mac */,
				4342EDFF142FBBF7009E64CE /* lib */,
			);
			name = Boinc;
			sourceTree = "<group>";
		};
		4342EDAE142FBBF5009E64CE /* api */ = {
			isa = PBXGroup;
			children = (
				4342EDAF142FBBF5009E64CE /* bmplib.cpp */,
				4342EDB0142FBBF6009E64CE /* bmplib.h */,
				4342EDB1142FBBF6009E64CE /* boinc_api.cpp */,
				4342EDB2142FBBF6009E64CE /* boinc_api.h */,
				4342EDB3142FBBF6009E64CE /* boinc_api_fortran.cpp */,
				4342EDB4142FBBF6009E64CE /* boinc_gl.h */,
				4342EDB5142FBBF6009E64CE /* boinc_glut.h */,
				4342EDB6142FBBF6009E64CE /* graphics2.cpp */,
				4342EDB7142FBBF6009E64CE /* graphics2.h */,
				4342EDB8142FBBF6009E64CE /* graphics2_unix.cpp */,
				4342EDB9142FBBF6009E64CE /* graphics2_util.cpp */,
				4342EDBA142FBBF6009E64CE /* graphics2_win.cpp */,
				4342EDBB142FBBF6009E64CE /* graphics_api.cpp */,
				4342EDBC142FBBF6009E64CE /* graphics_api.h */,
				4342EDBD142FBBF6009E64CE /* graphics_data.cpp */,
				4342EDBE142FBBF6009E64CE /* graphics_data.h */,
				4342EDBF142FBBF6009E64CE /* graphics_impl.cpp */,
				4342EDC0142FBBF6009E64CE /* graphics_impl.h */,
				4342EDC1142FBBF6009E64CE /* graphics_impl_lib.cpp */,
				4342EDC2142FBBF6009E64CE /* graphics_lib.cpp */,
				4342EDC3142FBBF6009E64CE /* graphics_lib.h */,
				4342EDC4142FBBF6009E64CE /* gutil.cpp */,
				4342EDC5142FBBF6009E64CE /* gutil.h */,
				4342EDC6142FBBF6009E64CE /* gutil_text.cpp */,
				4342EDC7142FBBF6009E64CE /* mac_icon.cpp */,
				4342EDC8142FBBF6009E64CE /* macglutfix.m */,
				4342EDC9142FBBF6009E64CE /* make_app_icon_h.cpp */,
				4342EDCC142FBBF6009E64CE /* reduce.h */,
				4342EDCD142FBBF6009E64CE /* reduce_lib.cpp */,
				4342EDCE142FBBF6009E64CE /* reduce_main.cpp */,
				4342EDCF142FBBF6009E64CE /* static_graphics.cpp */,
				4342EDD0142FBBF6009E64CE /* texfont.cpp */,
				4342EDD1142FBBF6009E64CE /* texfont.h */,
				4342EDD2142FBBF6009E64CE /* texture.cpp */,
				4342EDD3142FBBF6009E64CE /* texture.h */,
				4342EDD4142FBBF6009E64CE /* tgalib.cpp */,
				4342EDD5142FBBF6009E64CE /* tgalib.h */,
				4342EDFA142FBBF7009E64CE /* txf_util.cpp */,
				4342EDFB142FBBF7009E64CE /* txf_util.h */,
				4342EDFC142FBBF7009E64CE /* windows_opengl.cpp */,
				4342EDFD142FBBF7009E64CE /* x_opengl.cpp */,
				4342EDFE142FBBF7009E64CE /* x_opengl.h */,
			);
			name = api;
			path = "external/bonic-6.12.33/api";
			sourceTree = SOURCE_ROOT;
		};
		4342EDFF142FBBF7009E64CE /* lib */ = {
			isa = PBXGroup;
			children = (
				43064629142FF6D300B2AE71 /* boinc_fcgi.cpp */,
				4306462A142FF6D300B2AE71 /* boinc_fcgi.h */,
				4306462E142FF6D300B2AE71 /* procinfo.cpp */,
				4342EE24142FBBF7009E64CE /* mac */,
				4342EE00142FBBF7009E64CE /* app_ipc.cpp */,
				4342EE01142FBBF7009E64CE /* app_ipc.h */,
				4342EE02142FBBF7009E64CE /* average.cpp */,
				4342EE03142FBBF7009E64CE /* average.h */,
				4342EE04142FBBF7009E64CE /* base64.cpp */,
				4342EE05142FBBF7009E64CE /* base64.h */,
				4342EE08142FBBF7009E64CE /* boinc_win.cpp */,
				4342EE09142FBBF7009E64CE /* boinc_win.h */,
				4342EE0A142FBBF7009E64CE /* cal_boinc.h */,
				4342EE0B142FBBF7009E64CE /* cert_sig.cpp */,
				4342EE0C142FBBF7009E64CE /* cert_sig.h */,
				4342EE0D142FBBF7009E64CE /* common_defs.h */,
				4342EE7C142FBD12009E64CE /* coproc.cpp */,
				4342EE7D142FBD12009E64CE /* coproc.h */,
				4342EE10142FBBF7009E64CE /* crypt.cpp */,
				4342EE11142FBBF7009E64CE /* crypt.h */,
				4342EE12142FBBF7009E64CE /* crypt_prog.cpp */,
				4342EE13142FBBF7009E64CE /* daemonmgt.h */,
				4342EE14142FBBF7009E64CE /* daemonmgt_win.cpp */,
				4342EE15142FBBF7009E64CE /* diagnostics.cpp */,
				4342EE16142FBBF7009E64CE /* diagnostics.h */,
				4342EE17142FBBF7009E64CE /* diagnostics_win.cpp */,
				4342EE18142FBBF7009E64CE /* diagnostics_win.h */,
				4342EE19142FBBF7009E64CE /* error_numbers.h */,
				4342EE1A142FBBF7009E64CE /* filesys.cpp */,
				4342EE1B142FBBF7009E64CE /* filesys.h */,
				4342EE1C142FBBF7009E64CE /* gui_rpc_client.cpp */,
				4342EE1D142FBBF7009E64CE /* gui_rpc_client.h */,
				4342EE1E142FBBF7009E64CE /* gui_rpc_client_ops.cpp */,
				4342EE1F142FBBF7009E64CE /* gui_rpc_client_print.cpp */,
				4342EE20142FBBF7009E64CE /* hostinfo.cpp */,
				4342EE21142FBBF7009E64CE /* hostinfo.h */,
				4342EE22142FBBF7009E64CE /* idlemon.h */,
				4342EE23142FBBF7009E64CE /* idlemon_win.cpp */,
				4342EE34142FBBF7009E64CE /* mac_address.cpp */,
				4342EE35142FBBF7009E64CE /* mac_address.h */,
				4342EE38142FBBF7009E64CE /* md5.c */,
				4342EE39142FBBF7009E64CE /* md5.h */,
				4342EE3A142FBBF7009E64CE /* md5_file.cpp */,
				4342EE3B142FBBF7009E64CE /* md5_file.h */,
				4342EE3C142FBBF7009E64CE /* md5_test.cpp */,
				4342EE3D142FBBF7009E64CE /* mem_usage.cpp */,
				4342EE3E142FBBF7009E64CE /* mem_usage.h */,
				4342EE3F142FBBF7009E64CE /* mfile.cpp */,
				4342EE40142FBBF7009E64CE /* mfile.h */,
				4342EE41142FBBF7009E64CE /* miofile.cpp */,
				4342EE42142FBBF7009E64CE /* miofile.h */,
				4342EE43142FBBF7009E64CE /* msg_log.cpp */,
				4342EE44142FBBF7009E64CE /* msg_log.h */,
				4342EE45142FBBF7009E64CE /* msg_queue.cpp */,
				4342EE46142FBBF7009E64CE /* msg_queue.h */,
				4342EE47142FBBF7009E64CE /* msg_test.cpp */,
				4342EE48142FBBF7009E64CE /* network.cpp */,
				4342EE49142FBBF7009E64CE /* network.h */,
				4342EE4A142FBBF7009E64CE /* notice.cpp */,
				4342EE4B142FBBF7009E64CE /* notice.h */,
				4342EE4C142FBBF7009E64CE /* parse.cpp */,
				4342EE4D142FBBF7009E64CE /* parse.h */,
				4342EE4E142FBBF7009E64CE /* prefs.cpp */,
				4342EE4F142FBBF7009E64CE /* prefs.h */,
				4342EE50142FBBF7009E64CE /* proc_control.cpp */,
				4342EE51142FBBF7009E64CE /* proc_control.h */,
				4342EE52142FBBF7009E64CE /* procinfo.h */,
				4342EE53142FBBF7009E64CE /* procinfo_mac.cpp */,
				4342EE54142FBBF7009E64CE /* procinfo_unix.cpp */,
				4342EE55142FBBF7009E64CE /* procinfo_win.cpp */,
				4342EE56142FBBF7009E64CE /* proxy_info.cpp */,
				4342EE57142FBBF7009E64CE /* proxy_info.h */,
				4342EE58142FBBF7009E64CE /* shmem.cpp */,
				4342EE59142FBBF7009E64CE /* shmem.h */,
				4342EE5A142FBBF7009E64CE /* shmem_test.cpp */,
				4342EE5B142FBBF7009E64CE /* stackwalker_imports.h */,
				4342EE5C142FBBF7009E64CE /* stackwalker_win.cpp */,
				4342EE5D142FBBF7009E64CE /* stackwalker_win.h */,
				4342EE5E142FBBF7009E64CE /* std_fixes.h */,
				4342EE5F142FBBF7009E64CE /* str_replace.h */,
				4342EE60142FBBF7009E64CE /* str_util.cpp */,
				4342EE61142FBBF7009E64CE /* str_util.h */,
				4342EE62142FBBF7009E64CE /* susp.cpp */,
				4342EE63142FBBF7009E64CE /* synch.cpp */,
				4342EE64142FBBF7009E64CE /* synch.h */,
				4342EE65142FBBF7009E64CE /* synch_test.cpp */,
				4342EE66142FBBF7009E64CE /* unix_util.cpp */,
				4342EE67142FBBF7009E64CE /* unix_util.h */,
				4342EE68142FBBF7009E64CE /* url.cpp */,
				4342EE69142FBBF7009E64CE /* url.h */,
				4342EE6A142FBBF7009E64CE /* util.cpp */,
				4342EE6B142FBBF7009E64CE /* util.h */,
				4342EE6C142FBBF7009E64CE /* win_util.cpp */,
				4342EE6D142FBBF7009E64CE /* win_util.h */,
				4342EE6E142FBBF7009E64CE /* x_util.cpp */,
			);
			name = lib;
			path = "external/bonic-6.12.33/lib";
			sourceTree = SOURCE_ROOT;
		};
		4342EE24142FBBF7009E64CE /* mac */ = {
			isa = PBXGroup;
			children = (
				4342EE25142FBBF7009E64CE /* dyld_gdb.h */,
				4342EE26142FBBF7009E64CE /* mac_backtrace.cpp */,
				4342EE27142FBBF7009E64CE /* mac_backtrace.h */,
				4342EE28142FBBF7009E64CE /* QBacktrace.c */,
				4342EE29142FBBF7009E64CE /* QBacktrace.h */,
				4342EE2A142FBBF7009E64CE /* QCrashReport.c */,
				4342EE2B142FBBF7009E64CE /* QCrashReport.h */,
				4342EE2C142FBBF7009E64CE /* QMachOImage.c */,
				4342EE2D142FBBF7009E64CE /* QMachOImage.h */,
				4342EE2E142FBBF7009E64CE /* QMachOImageList.c */,
				4342EE2F142FBBF7009E64CE /* QMachOImageList.h */,
				4342EE30142FBBF7009E64CE /* QSymbols.c */,
				4342EE31142FBBF7009E64CE /* QSymbols.h */,
				4342EE32142FBBF7009E64CE /* QTaskMemory.c */,
				4342EE33142FBBF7009E64CE /* QTaskMemory.h */,
			);
			path = mac;
			sourceTree = "<group>";
		};
		4342EE73142FBC86009E64CE /* Products */ = {
			isa = PBXGroup;
			children = (
				4342EE72142FBC86009E64CE /* distrrtgen */,
			);
			name = Products;
			sourceTree = "<group>";
		};
		4342EF49142FC060009E64CE /* distrrtgen */ = {
			isa = PBXGroup;
			children = (
				4342EF50142FC106009E64CE /* rt_api */,
				4342EF4D142FC099009E64CE /* distrrtgen.cpp */,
				4342EF4E142FC099009E64CE /* distrrtgen.h */,
			);
			name = distrrtgen;
			sourceTree = "<group>";
		};
		4342EF50142FC106009E64CE /* rt_api */ = {
			isa = PBXGroup;
			children = (
				4342EF8A142FC3B9009E64CE /* BaseRTReader.cpp */,
				4342EF8B142FC3B9009E64CE /* BaseRTReader.h */,
				4342EF8C142FC3B9009E64CE /* BaseRTWriter.cpp */,
				4342EF8D142FC3B9009E64CE /* BaseRTWriter.h */,
				4342EF8E142FC3B9009E64CE /* ChainWalkContext.cpp */,
				4342EF8F142FC3B9009E64CE /* ChainWalkContext.h */,
				4342EF90142FC3B9009E64CE /* ChainWalkSet.cpp */,
				4342EF91142FC3B9009E64CE /* ChainWalkSet.h */,
				4342EF92142FC3B9009E64CE /* des_enc.c */,
				4342EF93142FC3B9009E64CE /* des_locl.h */,
				4342EF94142FC3B9009E64CE /* des_setkey.c */,
				4342EF95142FC3B9009E64CE /* des.h */,
				4342EF96142FC3B9009E64CE /* ecb_enc.c */,
				4342EF97142FC3B9009E64CE /* fast_md4.cpp */,
				4342EF98142FC3B9009E64CE /* fast_md4.h */,
				4342EF99142FC3B9009E64CE /* fast_md5.cpp */,
				4342EF9A142FC3B9009E64CE /* fast_md5.h */,
				4342EF9B142FC3B9009E64CE /* global.h */,
				4342EF9C142FC3B9009E64CE /* HashAlgorithm.cpp */,
				4342EF9D142FC3B9009E64CE /* HashAlgorithm.h */,
				4342EF9E142FC3B9009E64CE /* HashRoutine.cpp */,
				4342EF9F142FC3B9009E64CE /* HashRoutine.h */,
				4342EFA0142FC3B9009E64CE /* MemoryPool.cpp */,
				4342EFA1142FC3B9009E64CE /* MemoryPool.h */,
				4342EFA2142FC3B9009E64CE /* podd.h */,
				4342EFA3142FC3B9009E64CE /* Public.cpp */,
				4342EFA4142FC3B9009E64CE /* Public.h */,
				4342EFA5142FC3B9009E64CE /* RTI2Common.cpp */,
				4342EFA6142FC3B9009E64CE /* RTI2Common.h */,
				4342EFA7142FC3B9009E64CE /* RTI2Reader.cpp */,
				4342EFA8142FC3B9009E64CE /* RTI2Reader.h */,
				4342EFA9142FC3B9009E64CE /* RTI2Writer.cpp */,
				4342EFAA142FC3B9009E64CE /* RTI2Writer.h */,
				4342EFAB142FC3B9009E64CE /* RTIReader.cpp */,
				4342EFAC142FC3B9009E64CE /* RTIReader.h */,
				4342EFAD142FC3B9009E64CE /* RTReader.cpp */,
				4342EFAE142FC3B9009E64CE /* RTReader.h */,
				4342EFAF142FC3B9009E64CE /* sha1.cpp */,
				4342EFB0142FC3B9009E64CE /* sha1.h */,
				4342EFB1142FC3B9009E64CE /* sk.h */,
				4342EFB2142FC3B9009E64CE /* spr.h */,
			);
			name = rt_api;
			sourceTree = "<group>";
		};
		4342F05A142FCA34009E64CE /* System Frameworks */ = {
			isa = PBXGroup;
			children = (
				4342F067142FCAB2009E64CE /* AppKit.framework */,
				4342F11F142FCAFA009E64CE /* IOKit.framework */,
				4342F024142FC8DA009E64CE /* libpthread.dylib */,
				4342F026142FCA04009E64CE /* libssl.dylib */,
			);
			name = "System Frameworks";
			sourceTree = "<group>";
		};
/* End PBXGroup section */

/* Begin PBXNativeTarget section */
		4342EE71142FBC86009E64CE /* distrrtgen */ = {
			isa = PBXNativeTarget;
			buildConfigurationList = 4342EE77142FBC88009E64CE /* Build configuration list for PBXNativeTarget "distrrtgen" */;
			buildPhases = (
				4342EE6F142FBC86009E64CE /* Sources */,
				4342EE70142FBC86009E64CE /* Frameworks */,
			);
			buildRules = (
			);
			dependencies = (
			);
			name = distrrtgen;
			productName = distrrtgen;
			productReference = 4342EE72142FBC86009E64CE /* distrrtgen */;
			productType = "com.apple.product-type.tool";
		};
/* End PBXNativeTarget section */

/* Begin PBXProject section */
		4342ED9E142FBB84009E64CE /* Project object */ = {
			isa = PBXProject;
			buildConfigurationList = 4342EDA1142FBB84009E64CE /* Build configuration list for PBXProject "distrrtgen" */;
			compatibilityVersion = "Xcode 3.2";
			developmentRegion = English;
			hasScannedForEncodings = 0;
			knownRegions = (
				English,
				Japanese,
				French,
				German,
			);
			mainGroup = 4342ED9C142FBB84009E64CE;
			productRefGroup = 4342EE73142FBC86009E64CE /* Products */;
			projectDirPath = "";
			projectRoot = "";
			targets = (
				430646EC1430057E00B2AE71 /* Bonic */,
				4342EE71142FBC86009E64CE /* distrrtgen */,
			);
		};
/* End PBXProject section */

/* Begin PBXShellScriptBuildPhase section */
		430646EB1430057E00B2AE71 /* Get from SVN */ = {
			isa = PBXShellScriptBuildPhase;
			buildActionMask = 2147483647;
			files = (
			);
			inputPaths = (
			);
			name = "Get from SVN";
			outputPaths = (
			);
			runOnlyForDeploymentPostprocessing = 0;
			shellPath = /bin/sh;
			shellScript = "if [ ! -d \"external/bonic-6.12.33\" ]; then\n\tif ! svn export http://boinc.berkeley.edu/svn/tags/boinc_core_release_6_12_33/ external/bonic-6.12.33; then\n\t\techo \"error: Unable to fetch Boinc\" >&2\n\t\trm -rf external/bonic-6.12.33\n\t\texit 1\n\tfi\nelse\n\techo '\"external/bonic-6.12.33\" already exists, skipping.'\nfi\n";
		};
/* End PBXShellScriptBuildPhase section */

/* Begin PBXSourcesBuildPhase section */
		4342EE6F142FBC86009E64CE /* Sources */ = {
			isa = PBXSourcesBuildPhase;
			buildActionMask = 2147483647;
			files = (
				4342EEB3142FBE8F009E64CE /* mac_backtrace.cpp in Sources */,
				4342EEB4142FBE90009E64CE /* QBacktrace.c in Sources */,
				4342EEB5142FBE91009E64CE /* QCrashReport.c in Sources */,
				4342EEB6142FBE92009E64CE /* QMachOImage.c in Sources */,
				4342EEB7142FBE93009E64CE /* QMachOImageList.c in Sources */,
				4342EEB8142FBE94009E64CE /* QSymbols.c in Sources */,
				4342EEB9142FBE95009E64CE /* QTaskMemory.c in Sources */,
				4342EEBE142FBEA4009E64CE /* app_ipc.cpp in Sources */,
				4342EEC0142FBEBF009E64CE /* base64.cpp in Sources */,
				4342EEC3142FBECD009E64CE /* cert_sig.cpp in Sources */,
				4342EEC8142FBED8009E64CE /* coproc.cpp in Sources */,
				4342EECC142FBEE4009E64CE /* diagnostics.cpp in Sources */,
				4342EED1142FBEEE009E64CE /* filesys.cpp in Sources */,
				4342EED6142FBEF9009E64CE /* gui_rpc_client.cpp in Sources */,
				4342EEDA142FBEFE009E64CE /* gui_rpc_client_ops.cpp in Sources */,
				4342EEDB142FBEFE009E64CE /* gui_rpc_client_print.cpp in Sources */,
				4342EEDE142FBF08009E64CE /* hostinfo.cpp in Sources */,
				4342EEE3142FBF11009E64CE /* mac_address.cpp in Sources */,
				4342EEE8142FBF21009E64CE /* md5.c in Sources */,
				4342EEE9142FBF23009E64CE /* md5_file.cpp in Sources */,
				4342EEEE142FBF2D009E64CE /* mem_usage.cpp in Sources */,
				4342EEF3142FBF3A009E64CE /* mfile.cpp in Sources */,
				4342EEF8142FBF45009E64CE /* miofile.cpp in Sources */,
				4342EEFD142FBF4E009E64CE /* msg_log.cpp in Sources */,
				4342EF02142FBF58009E64CE /* network.cpp in Sources */,
				4342EF07142FBF62009E64CE /* notice.cpp in Sources */,
				4342EF0C142FBF75009E64CE /* parse.cpp in Sources */,
				4342EF11142FBF92009E64CE /* prefs.cpp in Sources */,
				4342EF1B142FBFA8009E64CE /* proxy_info.cpp in Sources */,
				4342EF20142FBFB5009E64CE /* shmem.cpp in Sources */,
				4342EF25142FBFC2009E64CE /* str_util.cpp in Sources */,
				4342EF2A142FBFCC009E64CE /* synch.cpp in Sources */,
				4342EF2F142FBFD8009E64CE /* unix_util.cpp in Sources */,
				4342EF34142FBFE2009E64CE /* url.cpp in Sources */,
				4342EF39142FBFF7009E64CE /* util.cpp in Sources */,
				4342EF3E142FC03A009E64CE /* boinc_api.cpp in Sources */,
				4342EF43142FC044009E64CE /* reduce_main.cpp in Sources */,
				4342EF48142FC04C009E64CE /* graphics2_util.cpp in Sources */,
				4342EF4F142FC099009E64CE /* distrrtgen.cpp in Sources */,
				4342EFB4142FC3D0009E64CE /* ChainWalkContext.cpp in Sources */,
				4342EFB8142FC3DB009E64CE /* des_enc.c in Sources */,
				4342EFBD142FC3E4009E64CE /* des_setkey.c in Sources */,
				4342EFC2142FC3ED009E64CE /* ecb_enc.c in Sources */,
				4342EFC7142FC3F6009E64CE /* HashAlgorithm.cpp in Sources */,
				4342EFCC142FC400009E64CE /* HashRoutine.cpp in Sources */,
				4342EFD1142FC40A009E64CE /* fast_md4.cpp in Sources */,
				4342EFD2142FC40B009E64CE /* fast_md5.cpp in Sources */,
				4342EFD7142FC414009E64CE /* Public.cpp in Sources */,
				430646E11430035C00B2AE71 /* procinfo_unix.cpp in Sources */,
				430646E71430036D00B2AE71 /* procinfo.cpp in Sources */,
			);
			runOnlyForDeploymentPostprocessing = 0;
		};
/* End PBXSourcesBuildPhase section */

/* Begin XCBuildConfiguration section */
		430646ED1430057F00B2AE71 /* Debug */ = {
			isa = XCBuildConfiguration;
			buildSettings = {
				PRODUCT_NAME = Bonic;
			};
			name = Debug;
		};
		430646EE1430057F00B2AE71 /* Release */ = {
			isa = XCBuildConfiguration;
			buildSettings = {
				PRODUCT_NAME = Bonic;
			};
			name = Release;
		};
		4342ED9F142FBB84009E64CE /* Debug */ = {
			isa = XCBuildConfiguration;
			buildSettings = {
				ARCHS = "$(ARCHS_STANDARD_64_BIT)";
				COPY_PHASE_STRIP = NO;
				GCC_VERSION = com.apple.compilers.llvm.clang.1_0;
				SDKROOT = macosx10.5;
			};
			name = Debug;
		};
		4342EDA0142FBB84009E64CE /* Release */ = {
			isa = XCBuildConfiguration;
			buildSettings = {
				ARCHS = "$(ARCHS_STANDARD_64_BIT)";
				COPY_PHASE_STRIP = YES;
				GCC_VERSION = com.apple.compilers.llvm.clang.1_0;
				SDKROOT = macosx10.5;
			};
			name = Release;
		};
		4342EE75142FBC87009E64CE /* Debug */ = {
			isa = XCBuildConfiguration;
			buildSettings = {
				ALWAYS_SEARCH_USER_PATHS = NO;
				COPY_PHASE_STRIP = NO;
				GCC_DYNAMIC_NO_PIC = NO;
				GCC_ENABLE_FIX_AND_CONTINUE = YES;
				GCC_MODEL_TUNING = G5;
				GCC_OPTIMIZATION_LEVEL = 0;
				INSTALL_PATH = /usr/local/bin;
				PREBINDING = NO;
				PRODUCT_NAME = distrrtgen;
			};
			name = Debug;
		};
		4342EE76142FBC87009E64CE /* Release */ = {
			isa = XCBuildConfiguration;
			buildSettings = {
				ALWAYS_SEARCH_USER_PATHS = NO;
				COPY_PHASE_STRIP = YES;
				DEBUG_INFORMATION_FORMAT = "dwarf-with-dsym";
				GCC_ENABLE_FIX_AND_CONTINUE = NO;
				GCC_MODEL_TUNING = G5;
				INSTALL_PATH = /usr/local/bin;
				PREBINDING = NO;
				PRODUCT_NAME = distrrtgen;
				ZERO_LINK = NO;
			};
			name = Release;
		};
/* End XCBuildConfiguration section */

/* Begin XCConfigurationList section */
		430646F9143005BB00B2AE71 /* Build configuration list for PBXAggregateTarget "Bonic" */ = {
			isa = XCConfigurationList;
			buildConfigurations = (
				430646ED1430057F00B2AE71 /* Debug */,
				430646EE1430057F00B2AE71 /* Release */,
			);
			defaultConfigurationIsVisible = 0;
			defaultConfigurationName = Release;
		};
		4342EDA1142FBB84009E64CE /* Build configuration list for PBXProject "distrrtgen" */ = {
			isa = XCConfigurationList;
			buildConfigurations = (
				4342ED9F142FBB84009E64CE /* Debug */,
				4342EDA0142FBB84009E64CE /* Release */,
			);
			defaultConfigurationIsVisible = 0;
			defaultConfigurationName = Release;
		};
		4342EE77142FBC88009E64CE /* Build configuration list for PBXNativeTarget "distrrtgen" */ = {
			isa = XCConfigurationList;
			buildConfigurations = (
				4342EE75142FBC87009E64CE /* Debug */,
				4342EE76142FBC87009E64CE /* Release */,
			);
			defaultConfigurationIsVisible = 0;
			defaultConfigurationName = Release;
		};
/* End XCConfigurationList section */
	};
	rootObject = 4342ED9E142FBB84009E64CE /* Project object */;
}
