
Microsoft Visual Studio Solution File, Format Version 11.00
# Visual Studio 2010
Project("{8BC9CEB8-8B4A-11D0-8D11-00A0C91BC942}") = "converti2", "..\converti2\converti2.vcxproj", "{066FD6F1-5990-47AD-B095-7AE0029CF5AE}"
EndProject
Project("{8BC9CEB8-8B4A-11D0-8D11-00A0C91BC942}") = "rti2rto", "..\rti2rto\rti2rto.vcxproj", "{1AA6EA8E-F873-437F-9188-6BD83EAD292F}"
EndProject
Project("{8BC9CEB8-8B4A-11D0-8D11-00A0C91BC942}") = "rcracki_mt", "..\rcracki_mt\rcracki_mt.vcxproj", "{BD3B6A2E-C7B3-475D-B0F3-E3E19673EF67}"
EndProject
Global
	GlobalSection(SolutionConfigurationPlatforms) = preSolution
		Debug|Win32 = Debug|Win32
		Debug|x64 = Debug|x64
		Release|Win32 = Release|Win32
		Release|x64 = Release|x64
	EndGlobalSection
	GlobalSection(ProjectConfigurationPlatforms) = postSolution
		{066FD6F1-5990-47AD-B095-7AE0029CF5AE}.Debug|Win32.ActiveCfg = Debug|Win32
		{066FD6F1-5990-47AD-B095-7AE0029CF5AE}.Debug|Win32.Build.0 = Debug|Win32
		{066FD6F1-5990-47AD-B095-7AE0029CF5AE}.Debug|x64.ActiveCfg = Debug|x64
		{066FD6F1-5990-47AD-B095-7AE0029CF5AE}.Debug|x64.Build.0 = Debug|x64
		{066FD6F1-5990-47AD-B095-7AE0029CF5AE}.Release|Win32.ActiveCfg = Release|Win32
		{066FD6F1-5990-47AD-B095-7AE0029CF5AE}.Release|Win32.Build.0 = Release|Win32
		{066FD6F1-5990-47AD-B095-7AE0029CF5AE}.Release|x64.ActiveCfg = Release|x64
		{066FD6F1-5990-47AD-B095-7AE0029CF5AE}.Release|x64.Build.0 = Release|x64
		{1AA6EA8E-F873-437F-9188-6BD83EAD292F}.Debug|Win32.ActiveCfg = Debug|Win32
		{1AA6EA8E-F873-437F-9188-6BD83EAD292F}.Debug|Win32.Build.0 = Debug|Win32
		{1AA6EA8E-F873-437F-9188-6BD83EAD292F}.Debug|x64.ActiveCfg = Debug|x64
		{1AA6EA8E-F873-437F-9188-6BD83EAD292F}.Debug|x64.Build.0 = Debug|x64
		{1AA6EA8E-F873-437F-9188-6BD83EAD292F}.Release|Win32.ActiveCfg = Release|Win32
		{1AA6EA8E-F873-437F-9188-6BD83EAD292F}.Release|Win32.Build.0 = Release|Win32
		{1AA6EA8E-F873-437F-9188-6BD83EAD292F}.Release|x64.ActiveCfg = Release|x64
		{1AA6EA8E-F873-437F-9188-6BD83EAD292F}.Release|x64.Build.0 = Release|x64
		{BD3B6A2E-C7B3-475D-B0F3-E3E19673EF67}.Debug|Win32.ActiveCfg = Debug|Win32
		{BD3B6A2E-C7B3-475D-B0F3-E3E19673EF67}.Debug|Win32.Build.0 = Debug|Win32
		{BD3B6A2E-C7B3-475D-B0F3-E3E19673EF67}.Debug|x64.ActiveCfg = Debug|x64
		{BD3B6A2E-C7B3-475D-B0F3-E3E19673EF67}.Release|Win32.ActiveCfg = Release|Win32
		{BD3B6A2E-C7B3-475D-B0F3-E3E19673EF67}.Release|Win32.Build.0 = Release|Win32
		{BD3B6A2E-C7B3-475D-B0F3-E3E19673EF67}.Release|x64.ActiveCfg = Release|x64
		{BD3B6A2E-C7B3-475D-B0F3-E3E19673EF67}.Release|x64.Build.0 = Release|x64
	EndGlobalSection
	GlobalSection(SolutionProperties) = preSolution
		HideSolutionNode = FALSE
	EndGlobalSection
EndGlobal
